// !$*UTF8*$!
{
	archiveVersion = 1;
	classes = {
	};
	objectVersion = 45;
	objects = {

/* Begin PBXBuildFile section */
		1D3623260D0F684500981E51 /* AppDelegate_iPad.m in Sources */ = {isa = PBXBuildFile; fileRef = 1D3623250D0F684500981E51 /* AppDelegate_iPad.m */; };
		1D60589B0D05DD56006BFB54 /* main.m in Sources */ = {isa = PBXBuildFile; fileRef = 29B97316FDCFA39411CA2CEA /* main.m */; };
		1D60589F0D05DD5A006BFB54 /* Foundation.framework in Frameworks */ = {isa = PBXBuildFile; fileRef = 1D30AB110D05D00D00671497 /* Foundation.framework */; };
		1DF5F4E00D08C38300B7A737 /* UIKit.framework in Frameworks */ = {isa = PBXBuildFile; fileRef = 1DF5F4DF0D08C38300B7A737 /* UIKit.framework */; };
		2819307D112F81BE00ECF9B4 /* OmarMariam.xcdatamodeld in Sources */ = {isa = PBXBuildFile; fileRef = 2819307C112F81BE00ECF9B4 /* OmarMariam.xcdatamodeld */; };
		2860E38A111B897F00E27156 /* AppDelegate_iPhone.m in Sources */ = {isa = PBXBuildFile; fileRef = 2860E388111B897F00E27156 /* AppDelegate_iPhone.m */; };
		2860E38B111B897F00E27156 /* MainWindow_iPhone.xib in Resources */ = {isa = PBXBuildFile; fileRef = 2860E389111B897F00E27156 /* MainWindow_iPhone.xib */; };
		288765FD0DF74451002DB57D /* CoreGraphics.framework in Frameworks */ = {isa = PBXBuildFile; fileRef = 288765FC0DF74451002DB57D /* CoreGraphics.framework */; };
		28AD733F0D9D9553002E5188 /* MainWindow_iPad.xib in Resources */ = {isa = PBXBuildFile; fileRef = 28AD733E0D9D9553002E5188 /* MainWindow_iPad.xib */; };
		28EEBFDD1118E19E00187D67 /* CoreData.framework in Frameworks */ = {isa = PBXBuildFile; fileRef = 28EEBFDC1118E19E00187D67 /* CoreData.framework */; };
		28EEC04B1118E28000187D67 /* AppDelegate_Shared.m in Sources */ = {isa = PBXBuildFile; fileRef = 28EEC04A1118E28000187D67 /* AppDelegate_Shared.m */; };
		3A16FB74128AC559004343ED /* GamesViewController.m in Sources */ = {isa = PBXBuildFile; fileRef = 3A16FB72128AC559004343ED /* GamesViewController.m */; };
		3A16FB75128AC559004343ED /* GamesViewController.xib in Resources */ = {isa = PBXBuildFile; fileRef = 3A16FB73128AC559004343ED /* GamesViewController.xib */; };
		3A199C34127D802100C022B1 /* omarmariam-o.png in Resources */ = {isa = PBXBuildFile; fileRef = 3A199C33127D802100C022B1 /* omarmariam-o.png */; };
		3A199C36127D802F00C022B1 /* omarmariamqittah-o.png in Resources */ = {isa = PBXBuildFile; fileRef = 3A199C35127D802F00C022B1 /* omarmariamqittah-o.png */; };
		3A199C4D127D847F00C022B1 /* QuizViewController.m in Sources */ = {isa = PBXBuildFile; fileRef = 3A199C4B127D847F00C022B1 /* QuizViewController.m */; };
		3A199C4E127D847F00C022B1 /* QuizViewController.xib in Resources */ = {isa = PBXBuildFile; fileRef = 3A199C4C127D847F00C022B1 /* QuizViewController.xib */; };
		3A199C53127D8AE500C022B1 /* goodmorning.mp3 in Resources */ = {isa = PBXBuildFile; fileRef = 3A199C51127D8AE500C022B1 /* goodmorning.mp3 */; };
		3A199C54127D8AE500C022B1 /* ohno.mp3 in Resources */ = {isa = PBXBuildFile; fileRef = 3A199C52127D8AE500C022B1 /* ohno.mp3 */; };
		3A199C56127D8B7500C022B1 /* uwmTextThick.png in Resources */ = {isa = PBXBuildFile; fileRef = 3A199C55127D8B7500C022B1 /* uwmTextThick.png */; };
		3A199C58127D8BC300C022B1 /* umxh1659.png in Resources */ = {isa = PBXBuildFile; fileRef = 3A199C57127D8BC300C022B1 /* umxh1659.png */; };
		3A199C5A127D8BD500C022B1 /* pictureFrame.png in Resources */ = {isa = PBXBuildFile; fileRef = 3A199C59127D8BD500C022B1 /* pictureFrame.png */; };
		3A238E1E125AB279002470B1 /* LineGameViewController.m in Sources */ = {isa = PBXBuildFile; fileRef = 3A238E1C125AB279002470B1 /* LineGameViewController.m */; };
		3A238E1F125AB279002470B1 /* LineGameViewController.xib in Resources */ = {isa = PBXBuildFile; fileRef = 3A238E1D125AB279002470B1 /* LineGameViewController.xib */; };
		3A28F7ED128255BB00FACC97 /* LineView.m in Sources */ = {isa = PBXBuildFile; fileRef = 3A28F7EC128255BB00FACC97 /* LineView.m */; };
		3A28FC401282E16300FACC97 /* omarmariam.png in Resources */ = {isa = PBXBuildFile; fileRef = 3A28FC3F1282E16300FACC97 /* omarmariam.png */; };
		3A2E981912B1FD0B002AD697 /* v1b1cp.jpg in Resources */ = {isa = PBXBuildFile; fileRef = 3A2E981212B1FD0B002AD697 /* v1b1cp.jpg */; };
		3A2E981A12B1FD0B002AD697 /* v1b2cp.jpg in Resources */ = {isa = PBXBuildFile; fileRef = 3A2E981312B1FD0B002AD697 /* v1b2cp.jpg */; };
		3A2E981B12B1FD0B002AD697 /* v1b3cp.jpg in Resources */ = {isa = PBXBuildFile; fileRef = 3A2E981412B1FD0B002AD697 /* v1b3cp.jpg */; };
		3A2E981C12B1FD0B002AD697 /* v1b4cp.jpg in Resources */ = {isa = PBXBuildFile; fileRef = 3A2E981512B1FD0B002AD697 /* v1b4cp.jpg */; };
		3A2E981D12B1FD0B002AD697 /* v1b5cp.jpg in Resources */ = {isa = PBXBuildFile; fileRef = 3A2E981612B1FD0B002AD697 /* v1b5cp.jpg */; };
		3A2E981E12B1FD0B002AD697 /* v1b6cp.jpg in Resources */ = {isa = PBXBuildFile; fileRef = 3A2E981712B1FD0B002AD697 /* v1b6cp.jpg */; };
		3A2E981F12B1FD0B002AD697 /* v1b7cp.jpg in Resources */ = {isa = PBXBuildFile; fileRef = 3A2E981812B1FD0B002AD697 /* v1b7cp.jpg */; };
		3A2E984012B3434C002AD697 /* umarwamariam.mp3 in Resources */ = {isa = PBXBuildFile; fileRef = 3A2E983F12B3434C002AD697 /* umarwamariam.mp3 */; };
		3A3E8562125835AE00FAB522 /* Volume1 in Resources */ = {isa = PBXBuildFile; fileRef = 3A3E83C5125835AE00FAB522 /* Volume1 */; };
		3A6342A51256658600EE14DA /* BookViewController.m in Sources */ = {isa = PBXBuildFile; fileRef = 3A6342A41256658600EE14DA /* BookViewController.m */; };
		3A63436412566CD900EE14DA /* blank.jpg in Resources */ = {isa = PBXBuildFile; fileRef = 3A63436312566CD900EE14DA /* blank.jpg */; };
		3A7E5DC01342D22800ADD973 /* correct.mp3 in Resources */ = {isa = PBXBuildFile; fileRef = 3A7E5DBF1342D22800ADD973 /* correct.mp3 */; };
		3A7E6228134439C500ADD973 /* flip.mp3 in Resources */ = {isa = PBXBuildFile; fileRef = 3A7E6227134439C500ADD973 /* flip.mp3 */; };
		3A89B406127E7705008F313D /* LBiPadRootViewController.m in Sources */ = {isa = PBXBuildFile; fileRef = 3A89B404127E7705008F313D /* LBiPadRootViewController.m */; };
		3A89B407127E7705008F313D /* LBiPadRootViewController.xib in Resources */ = {isa = PBXBuildFile; fileRef = 3A89B405127E7705008F313D /* LBiPadRootViewController.xib */; };
		3A9445571280679000590EFA /* ab.png in Resources */ = {isa = PBXBuildFile; fileRef = 3A94453B1280678F00590EFA /* ab.png */; };
		3A9445581280679000590EFA /* aeshab.png in Resources */ = {isa = PBXBuildFile; fileRef = 3A94453C1280678F00590EFA /* aeshab.png */; };
		3A9445591280679000590EFA /* arnab.png in Resources */ = {isa = PBXBuildFile; fileRef = 3A94453D1280678F00590EFA /* arnab.png */; };
		3A94455A1280679000590EFA /* balunat.png in Resources */ = {isa = PBXBuildFile; fileRef = 3A94453E1280678F00590EFA /* balunat.png */; };
		3A94455B1280679000590EFA /* beit.png in Resources */ = {isa = PBXBuildFile; fileRef = 3A94453F1280678F00590EFA /* beit.png */; };
		3A94455C1280679000590EFA /* dairah.png in Resources */ = {isa = PBXBuildFile; fileRef = 3A9445401280678F00590EFA /* dairah.png */; };
		3A94455D1280679000590EFA /* darrajah.png in Resources */ = {isa = PBXBuildFile; fileRef = 3A9445411280678F00590EFA /* darrajah.png */; };
		3A94455E1280679000590EFA /* dukkan.png in Resources */ = {isa = PBXBuildFile; fileRef = 3A9445421280678F00590EFA /* dukkan.png */; };
		3A94455F1280679000590EFA /* ghurfatunnaum.png in Resources */ = {isa = PBXBuildFile; fileRef = 3A9445431280678F00590EFA /* ghurfatunnaum.png */; };
		3A9445601280679000590EFA /* hadiqah.png in Resources */ = {isa = PBXBuildFile; fileRef = 3A9445441280678F00590EFA /* hadiqah.png */; };
		3A9445611280679000590EFA /* halwaa.png in Resources */ = {isa = PBXBuildFile; fileRef = 3A9445451280678F00590EFA /* halwaa.png */; };
		3A9445621280679000590EFA /* kaek.png in Resources */ = {isa = PBXBuildFile; fileRef = 3A9445461280678F00590EFA /* kaek.png */; };
		3A9445631280679000590EFA /* katkut.png in Resources */ = {isa = PBXBuildFile; fileRef = 3A9445471280678F00590EFA /* katkut.png */; };
		3A9445641280679000590EFA /* kurah.png in Resources */ = {isa = PBXBuildFile; fileRef = 3A9445481280678F00590EFA /* kurah.png */; };
		3A9445651280679000590EFA /* kurahsallah.png in Resources */ = {isa = PBXBuildFile; fileRef = 3A9445491280678F00590EFA /* kurahsallah.png */; };
		3A9445661280679000590EFA /* maa.png in Resources */ = {isa = PBXBuildFile; fileRef = 3A94454A1280678F00590EFA /* maa.png */; };
		3A9445671280679000590EFA /* maqead.png in Resources */ = {isa = PBXBuildFile; fileRef = 3A94454B1280679000590EFA /* maqead.png */; };
		3A9445691280679000590EFA /* mauz.png in Resources */ = {isa = PBXBuildFile; fileRef = 3A94454D1280679000590EFA /* mauz.png */; };
		3A94456A1280679000590EFA /* omarwamariam.png in Resources */ = {isa = PBXBuildFile; fileRef = 3A94454E1280679000590EFA /* omarwamariam.png */; };
		3A94456B1280679000590EFA /* omarwaqittah.png in Resources */ = {isa = PBXBuildFile; fileRef = 3A94454F1280679000590EFA /* omarwaqittah.png */; };
		3A94456C1280679000590EFA /* qafas.png in Resources */ = {isa = PBXBuildFile; fileRef = 3A9445501280679000590EFA /* qafas.png */; };
		3A94456D1280679000590EFA /* qittah.png in Resources */ = {isa = PBXBuildFile; fileRef = 3A9445511280679000590EFA /* qittah.png */; };
		3A94456E1280679000590EFA /* sallah.png in Resources */ = {isa = PBXBuildFile; fileRef = 3A9445521280679000590EFA /* sallah.png */; };
		3A94456F1280679000590EFA /* sarir.png in Resources */ = {isa = PBXBuildFile; fileRef = 3A9445531280679000590EFA /* sarir.png */; };
		3A9445701280679000590EFA /* sayyaratulitfa.png in Resources */ = {isa = PBXBuildFile; fileRef = 3A9445541280679000590EFA /* sayyaratulitfa.png */; };
		3A9445711280679000590EFA /* syajarah.png in Resources */ = {isa = PBXBuildFile; fileRef = 3A9445551280679000590EFA /* syajarah.png */; };
		3A9445721280679000590EFA /* zuhur.png in Resources */ = {isa = PBXBuildFile; fileRef = 3A9445561280679000590EFA /* zuhur.png */; };
		3A9446531280E10400590EFA /* asdiqa.png in Resources */ = {isa = PBXBuildFile; fileRef = 3A9446521280E10400590EFA /* asdiqa.png */; };
		3A9446551280E11C00590EFA /* hiza.png in Resources */ = {isa = PBXBuildFile; fileRef = 3A9446541280E11C00590EFA /* hiza.png */; };
		3A94465F1280E18E00590EFA /* qittah.mp3 in Resources */ = {isa = PBXBuildFile; fileRef = 3A94465E1280E18E00590EFA /* qittah.mp3 */; };
		3A9446611280E19C00590EFA /* omarwamariam.mp3 in Resources */ = {isa = PBXBuildFile; fileRef = 3A9446601280E19C00590EFA /* omarwamariam.mp3 */; };
		3A9446631280E1A800590EFA /* omar.mp3 in Resources */ = {isa = PBXBuildFile; fileRef = 3A9446621280E1A800590EFA /* omar.mp3 */; };
		3A9446651280E45800590EFA /* haqibah.png in Resources */ = {isa = PBXBuildFile; fileRef = 3A9446641280E45800590EFA /* haqibah.png */; };
		3A9446671280E4A800590EFA /* kitab.png in Resources */ = {isa = PBXBuildFile; fileRef = 3A9446661280E4A800590EFA /* kitab.png */; };
		3A9446691280E55100590EFA /* maleab.png in Resources */ = {isa = PBXBuildFile; fileRef = 3A9446681280E55100590EFA /* maleab.png */; };
		3A9446861280E5CD00590EFA /* ab.mp3 in Resources */ = {isa = PBXBuildFile; fileRef = 3A94466A1280E5CD00590EFA /* ab.mp3 */; };
		3A9446871280E5CD00590EFA /* aeshab.mp3 in Resources */ = {isa = PBXBuildFile; fileRef = 3A94466B1280E5CD00590EFA /* aeshab.mp3 */; };
		3A9446881280E5CD00590EFA /* arnab.mp3 in Resources */ = {isa = PBXBuildFile; fileRef = 3A94466C1280E5CD00590EFA /* arnab.mp3 */; };
		3A9446891280E5CD00590EFA /* asdiqa.mp3 in Resources */ = {isa = PBXBuildFile; fileRef = 3A94466D1280E5CD00590EFA /* asdiqa.mp3 */; };
		3A94468A1280E5CD00590EFA /* bait.mp3 in Resources */ = {isa = PBXBuildFile; fileRef = 3A94466E1280E5CD00590EFA /* bait.mp3 */; };
		3A94468B1280E5CD00590EFA /* balunat.mp3 in Resources */ = {isa = PBXBuildFile; fileRef = 3A94466F1280E5CD00590EFA /* balunat.mp3 */; };
		3A94468C1280E5CD00590EFA /* dairah.mp3 in Resources */ = {isa = PBXBuildFile; fileRef = 3A9446701280E5CD00590EFA /* dairah.mp3 */; };
		3A94468D1280E5CD00590EFA /* darrajah.mp3 in Resources */ = {isa = PBXBuildFile; fileRef = 3A9446711280E5CD00590EFA /* darrajah.mp3 */; };
		3A94468E1280E5CD00590EFA /* dukkan.mp3 in Resources */ = {isa = PBXBuildFile; fileRef = 3A9446721280E5CD00590EFA /* dukkan.mp3 */; };
		3A94468F1280E5CD00590EFA /* ghurfatunnaum.mp3 in Resources */ = {isa = PBXBuildFile; fileRef = 3A9446731280E5CD00590EFA /* ghurfatunnaum.mp3 */; };
		3A9446901280E5CD00590EFA /* hadiqah.mp3 in Resources */ = {isa = PBXBuildFile; fileRef = 3A9446741280E5CD00590EFA /* hadiqah.mp3 */; };
		3A9446911280E5CD00590EFA /* halwaa.mp3 in Resources */ = {isa = PBXBuildFile; fileRef = 3A9446751280E5CD00590EFA /* halwaa.mp3 */; };
		3A9446921280E5CD00590EFA /* haqibah.mp3 in Resources */ = {isa = PBXBuildFile; fileRef = 3A9446761280E5CD00590EFA /* haqibah.mp3 */; };
		3A9446931280E5CD00590EFA /* hiza.mp3 in Resources */ = {isa = PBXBuildFile; fileRef = 3A9446771280E5CD00590EFA /* hiza.mp3 */; };
		3A9446941280E5CD00590EFA /* kaek.mp3 in Resources */ = {isa = PBXBuildFile; fileRef = 3A9446781280E5CD00590EFA /* kaek.mp3 */; };
		3A9446951280E5CD00590EFA /* katkut.mp3 in Resources */ = {isa = PBXBuildFile; fileRef = 3A9446791280E5CD00590EFA /* katkut.mp3 */; };
		3A9446961280E5CD00590EFA /* kitab.mp3 in Resources */ = {isa = PBXBuildFile; fileRef = 3A94467A1280E5CD00590EFA /* kitab.mp3 */; };
		3A9446971280E5CD00590EFA /* kurah.mp3 in Resources */ = {isa = PBXBuildFile; fileRef = 3A94467B1280E5CD00590EFA /* kurah.mp3 */; };
		3A9446981280E5CD00590EFA /* maa.mp3 in Resources */ = {isa = PBXBuildFile; fileRef = 3A94467C1280E5CD00590EFA /* maa.mp3 */; };
		3A9446991280E5CD00590EFA /* maleab.mp3 in Resources */ = {isa = PBXBuildFile; fileRef = 3A94467D1280E5CD00590EFA /* maleab.mp3 */; };
		3A94469A1280E5CD00590EFA /* maqead.mp3 in Resources */ = {isa = PBXBuildFile; fileRef = 3A94467E1280E5CD00590EFA /* maqead.mp3 */; };
		3A94469B1280E5CD00590EFA /* mauz.mp3 in Resources */ = {isa = PBXBuildFile; fileRef = 3A94467F1280E5CD00590EFA /* mauz.mp3 */; };
		3A94469C1280E5CD00590EFA /* qafas.mp3 in Resources */ = {isa = PBXBuildFile; fileRef = 3A9446801280E5CD00590EFA /* qafas.mp3 */; };
		3A94469D1280E5CD00590EFA /* sallah.mp3 in Resources */ = {isa = PBXBuildFile; fileRef = 3A9446811280E5CD00590EFA /* sallah.mp3 */; };
		3A94469E1280E5CD00590EFA /* sarir.mp3 in Resources */ = {isa = PBXBuildFile; fileRef = 3A9446821280E5CD00590EFA /* sarir.mp3 */; };
		3A94469F1280E5CD00590EFA /* sayyaratulitfa.mp3 in Resources */ = {isa = PBXBuildFile; fileRef = 3A9446831280E5CD00590EFA /* sayyaratulitfa.mp3 */; };
		3A9446A01280E5CD00590EFA /* syajarah.mp3 in Resources */ = {isa = PBXBuildFile; fileRef = 3A9446841280E5CD00590EFA /* syajarah.mp3 */; };
		3A9446A11280E5CD00590EFA /* zuhur.mp3 in Resources */ = {isa = PBXBuildFile; fileRef = 3A9446851280E5CD00590EFA /* zuhur.mp3 */; };
		3A9446AB1280E6EF00590EFA /* cover1.png in Resources */ = {isa = PBXBuildFile; fileRef = 3A9446A41280E6EF00590EFA /* cover1.png */; };
		3A9446AC1280E6EF00590EFA /* cover2.png in Resources */ = {isa = PBXBuildFile; fileRef = 3A9446A51280E6EF00590EFA /* cover2.png */; };
		3A9446AD1280E6EF00590EFA /* cover3.png in Resources */ = {isa = PBXBuildFile; fileRef = 3A9446A61280E6EF00590EFA /* cover3.png */; };
		3A9446AE1280E6EF00590EFA /* cover4.png in Resources */ = {isa = PBXBuildFile; fileRef = 3A9446A71280E6EF00590EFA /* cover4.png */; };
		3A9446AF1280E6EF00590EFA /* cover5.png in Resources */ = {isa = PBXBuildFile; fileRef = 3A9446A81280E6EF00590EFA /* cover5.png */; };
		3A9446B01280E6EF00590EFA /* cover6.png in Resources */ = {isa = PBXBuildFile; fileRef = 3A9446A91280E6EF00590EFA /* cover6.png */; };
		3A9446B11280E6EF00590EFA /* cover7.png in Resources */ = {isa = PBXBuildFile; fileRef = 3A9446AA1280E6EF00590EFA /* cover7.png */; };
		3A96F9C2126E36B800991FE1 /* LabelViewController.m in Sources */ = {isa = PBXBuildFile; fileRef = 3A96F9C0126E36B800991FE1 /* LabelViewController.m */; };
		3A96F9C3126E36B800991FE1 /* LabelViewController.xib in Resources */ = {isa = PBXBuildFile; fileRef = 3A96F9C1126E36B800991FE1 /* LabelViewController.xib */; };
		3A96F9C8126E377A00991FE1 /* LabelView.m in Sources */ = {isa = PBXBuildFile; fileRef = 3A96F9C7126E377A00991FE1 /* LabelView.m */; };
		3AA88BD212B07FA400B8D932 /* play.png in Resources */ = {isa = PBXBuildFile; fileRef = 3AA88BD012B07FA400B8D932 /* play.png */; };
		3AA88BD312B07FA400B8D932 /* playBlack.png in Resources */ = {isa = PBXBuildFile; fileRef = 3AA88BD112B07FA400B8D932 /* playBlack.png */; };
		3AA88C3812B098E400B8D932 /* v2b1cp.jpg in Resources */ = {isa = PBXBuildFile; fileRef = 3AA88C3112B098E400B8D932 /* v2b1cp.jpg */; };
		3AA88C3912B098E400B8D932 /* v2b2cp.jpg in Resources */ = {isa = PBXBuildFile; fileRef = 3AA88C3212B098E400B8D932 /* v2b2cp.jpg */; };
		3AA88C3A12B098E400B8D932 /* v2b3cp.jpg in Resources */ = {isa = PBXBuildFile; fileRef = 3AA88C3312B098E400B8D932 /* v2b3cp.jpg */; };
		3AA88C3B12B098E400B8D932 /* v2b4cp.jpg in Resources */ = {isa = PBXBuildFile; fileRef = 3AA88C3412B098E400B8D932 /* v2b4cp.jpg */; };
		3AA88C3C12B098E400B8D932 /* v2b5cp.jpg in Resources */ = {isa = PBXBuildFile; fileRef = 3AA88C3512B098E400B8D932 /* v2b5cp.jpg */; };
		3AA88C3D12B098E400B8D932 /* v2b6cp.jpg in Resources */ = {isa = PBXBuildFile; fileRef = 3AA88C3612B098E400B8D932 /* v2b6cp.jpg */; };
		3AA88C3E12B098E400B8D932 /* v2b7cp.jpg in Resources */ = {isa = PBXBuildFile; fileRef = 3AA88C3712B098E400B8D932 /* v2b7cp.jpg */; };
		3AB53EB212B67ABF0047F85B /* Icon.png in Resources */ = {isa = PBXBuildFile; fileRef = 3AB53EB112B67ABF0047F85B /* Icon.png */; };
		3AB7348A129079F400D51DB2 /* mariamwaqittah.png in Resources */ = {isa = PBXBuildFile; fileRef = 3AB73489129079F400D51DB2 /* mariamwaqittah.png */; };
		3AB7348C12907A0B00D51DB2 /* mariam.mp3 in Resources */ = {isa = PBXBuildFile; fileRef = 3AB7348B12907A0B00D51DB2 /* mariam.mp3 */; };
		3AB735781290C0A800D51DB2 /* MarkerFelt.ttc in Resources */ = {isa = PBXBuildFile; fileRef = 3AB735771290C0A800D51DB2 /* MarkerFelt.ttc */; };
		3AB7357A1290C0C200D51DB2 /* Comic Sans MS in Resources */ = {isa = PBXBuildFile; fileRef = 3AB735791290C0C200D51DB2 /* Comic Sans MS */; };
		3AB7357C1290C0E600D51DB2 /* Bauhaus 93 in Resources */ = {isa = PBXBuildFile; fileRef = 3AB7357B1290C0E600D51DB2 /* Bauhaus 93 */; };
		3AB7357E1290C10900D51DB2 /* Brush Script.ttf in Resources */ = {isa = PBXBuildFile; fileRef = 3AB7357D1290C10900D51DB2 /* Brush Script.ttf */; };
		3AB735801290C1C700D51DB2 /* ARNORG__.TTF in Resources */ = {isa = PBXBuildFile; fileRef = 3AB7357F1290C1C700D51DB2 /* ARNORG__.TTF */; };
		3ABFCA341272BAB6004B4725 /* background.png in Resources */ = {isa = PBXBuildFile; fileRef = 3ABFCA331272BAB6004B4725 /* background.png */; };
		3ABFCC9A12749376004B4725 /* uwmText.png in Resources */ = {isa = PBXBuildFile; fileRef = 3ABFCC9912749376004B4725 /* uwmText.png */; };
		3ABFCEC1127496CE004B4725 /* cheer.mp3 in Resources */ = {isa = PBXBuildFile; fileRef = 3ABFCEBE127496CE004B4725 /* cheer.mp3 */; };
		3ABFCEC3127496CE004B4725 /* incorrect.mp3 in Resources */ = {isa = PBXBuildFile; fileRef = 3ABFCEC0127496CE004B4725 /* incorrect.mp3 */; };
		3ABFCEC5127497B7004B4725 /* omar.png in Resources */ = {isa = PBXBuildFile; fileRef = 3ABFCEC4127497B7004B4725 /* omar.png */; };
		3ABFCEC7127497C5004B4725 /* omarmariamfull.png in Resources */ = {isa = PBXBuildFile; fileRef = 3ABFCEC6127497C5004B4725 /* omarmariamfull.png */; };
		3ABFCEC9127497D2004B4725 /* mariam.png in Resources */ = {isa = PBXBuildFile; fileRef = 3ABFCEC8127497D2004B4725 /* mariam.png */; };
		3ABFCEDE1274988D004B4725 /* 1.png in Resources */ = {isa = PBXBuildFile; fileRef = 3ABFCEDD1274988D004B4725 /* 1.png */; };
		3ABFCEE5127498A8004B4725 /* 2.png in Resources */ = {isa = PBXBuildFile; fileRef = 3ABFCEDF127498A7004B4725 /* 2.png */; };
		3ABFCEE6127498A8004B4725 /* 3.png in Resources */ = {isa = PBXBuildFile; fileRef = 3ABFCEE0127498A7004B4725 /* 3.png */; };
		3ABFCEE7127498A8004B4725 /* 4.png in Resources */ = {isa = PBXBuildFile; fileRef = 3ABFCEE1127498A7004B4725 /* 4.png */; };
		3ABFCEE8127498A8004B4725 /* 5.png in Resources */ = {isa = PBXBuildFile; fileRef = 3ABFCEE2127498A7004B4725 /* 5.png */; };
		3ABFCEE9127498A8004B4725 /* 6.png in Resources */ = {isa = PBXBuildFile; fileRef = 3ABFCEE3127498A8004B4725 /* 6.png */; };
		3ABFCEEA127498A8004B4725 /* 7.png in Resources */ = {isa = PBXBuildFile; fileRef = 3ABFCEE4127498A8004B4725 /* 7.png */; };
		3ABFCF70127539E2004B4725 /* ClozeGameViewController.m in Sources */ = {isa = PBXBuildFile; fileRef = 3ABFCF6E127539E2004B4725 /* ClozeGameViewController.m */; };
		3ABFCF71127539E2004B4725 /* ClozeGameViewController.xib in Resources */ = {isa = PBXBuildFile; fileRef = 3ABFCF6F127539E2004B4725 /* ClozeGameViewController.xib */; };
		3ABFCFA7127542F8004B4725 /* irsyad.png in Resources */ = {isa = PBXBuildFile; fileRef = 3ABFCFA6127542F8004B4725 /* irsyad.png */; };
		3AD2EEDA12764951005ECE31 /* ClozeView.m in Sources */ = {isa = PBXBuildFile; fileRef = 3AD2EED912764951005ECE31 /* ClozeView.m */; };
		3ADF9847128E93E2004C4943 /* Volume1.plist in Resources */ = {isa = PBXBuildFile; fileRef = 3ADF9846128E93E2004C4943 /* Volume1.plist */; };
		3ADF9A6B128F35D6004C4943 /* LBView.m in Sources */ = {isa = PBXBuildFile; fileRef = 3ADF9A6A128F35D6004C4943 /* LBView.m */; };
		4434D92112486C3D00295B33 /* AVFoundation.framework in Frameworks */ = {isa = PBXBuildFile; fileRef = 4434D92012486C3D00295B33 /* AVFoundation.framework */; };
		7A853EE11234689000695260 /* QuartzCore.framework in Frameworks */ = {isa = PBXBuildFile; fileRef = 7A853EE01234689000695260 /* QuartzCore.framework */; };
		7AA557A9123794CA00D775EA /* bookShelf.png in Resources */ = {isa = PBXBuildFile; fileRef = 7AA557A8123794CA00D775EA /* bookShelf.png */; };
		7AA557D0123799F700D775EA /* bookShelfSmall.png in Resources */ = {isa = PBXBuildFile; fileRef = 7AA557CF123799F700D775EA /* bookShelfSmall.png */; };
		7AD056AF1234805400C2EC84 /* LeavesCache.m in Sources */ = {isa = PBXBuildFile; fileRef = 7AD056A71234805400C2EC84 /* LeavesCache.m */; };
		7AD056B01234805400C2EC84 /* LeavesView.m in Sources */ = {isa = PBXBuildFile; fileRef = 7AD056A91234805400C2EC84 /* LeavesView.m */; };
		7AD056B11234805400C2EC84 /* LeavesViewController.m in Sources */ = {isa = PBXBuildFile; fileRef = 7AD056AB1234805400C2EC84 /* LeavesViewController.m */; };
		7AD056B21234805400C2EC84 /* Utilities.m in Sources */ = {isa = PBXBuildFile; fileRef = 7AD056AE1234805400C2EC84 /* Utilities.m */; };
/* End PBXBuildFile section */

/* Begin PBXFileReference section */
		1D30AB110D05D00D00671497 /* Foundation.framework */ = {isa = PBXFileReference; lastKnownFileType = wrapper.framework; name = Foundation.framework; path = System/Library/Frameworks/Foundation.framework; sourceTree = SDKROOT; };
		1D3623240D0F684500981E51 /* AppDelegate_iPad.h */ = {isa = PBXFileReference; fileEncoding = 4; lastKnownFileType = sourcecode.c.h; name = AppDelegate_iPad.h; path = iPad/AppDelegate_iPad.h; sourceTree = "<group>"; };
		1D3623250D0F684500981E51 /* AppDelegate_iPad.m */ = {isa = PBXFileReference; fileEncoding = 4; lastKnownFileType = sourcecode.c.objc; name = AppDelegate_iPad.m; path = iPad/AppDelegate_iPad.m; sourceTree = "<group>"; };
		1D6058910D05DD3D006BFB54 /* OmarMariam.app */ = {isa = PBXFileReference; explicitFileType = wrapper.application; includeInIndex = 0; path = OmarMariam.app; sourceTree = BUILT_PRODUCTS_DIR; };
		1DF5F4DF0D08C38300B7A737 /* UIKit.framework */ = {isa = PBXFileReference; lastKnownFileType = wrapper.framework; name = UIKit.framework; path = System/Library/Frameworks/UIKit.framework; sourceTree = SDKROOT; };
		2860E387111B897F00E27156 /* AppDelegate_iPhone.h */ = {isa = PBXFileReference; fileEncoding = 4; lastKnownFileType = sourcecode.c.h; path = AppDelegate_iPhone.h; sourceTree = "<group>"; };
		2860E388111B897F00E27156 /* AppDelegate_iPhone.m */ = {isa = PBXFileReference; fileEncoding = 4; lastKnownFileType = sourcecode.c.objc; path = AppDelegate_iPhone.m; sourceTree = "<group>"; };
		2860E389111B897F00E27156 /* MainWindow_iPhone.xib */ = {isa = PBXFileReference; lastKnownFileType = file.xib; path = MainWindow_iPhone.xib; sourceTree = "<group>"; };
		2870939E111907710040F596 /* OmarMariam.xcdatamodel */ = {isa = PBXFileReference; fileEncoding = 4; lastKnownFileType = wrapper.xcdatamodel; path = OmarMariam.xcdatamodel; sourceTree = "<group>"; };
		288765FC0DF74451002DB57D /* CoreGraphics.framework */ = {isa = PBXFileReference; lastKnownFileType = wrapper.framework; name = CoreGraphics.framework; path = System/Library/Frameworks/CoreGraphics.framework; sourceTree = SDKROOT; };
		28AD733E0D9D9553002E5188 /* MainWindow_iPad.xib */ = {isa = PBXFileReference; lastKnownFileType = file.xib; name = MainWindow_iPad.xib; path = iPad/MainWindow_iPad.xib; sourceTree = "<group>"; };
		28EEBFDC1118E19E00187D67 /* CoreData.framework */ = {isa = PBXFileReference; lastKnownFileType = wrapper.framework; name = CoreData.framework; path = System/Library/Frameworks/CoreData.framework; sourceTree = SDKROOT; };
		28EEC0491118E28000187D67 /* AppDelegate_Shared.h */ = {isa = PBXFileReference; fileEncoding = 4; lastKnownFileType = sourcecode.c.h; name = AppDelegate_Shared.h; path = Shared/AppDelegate_Shared.h; sourceTree = "<group>"; };
		28EEC04A1118E28000187D67 /* AppDelegate_Shared.m */ = {isa = PBXFileReference; fileEncoding = 4; lastKnownFileType = sourcecode.c.objc; name = AppDelegate_Shared.m; path = Shared/AppDelegate_Shared.m; sourceTree = "<group>"; };
		29B97316FDCFA39411CA2CEA /* main.m */ = {isa = PBXFileReference; fileEncoding = 4; lastKnownFileType = sourcecode.c.objc; name = main.m; path = Shared/main.m; sourceTree = "<group>"; };
		32CA4F630368D1EE00C91783 /* OmarMariam_Prefix.pch */ = {isa = PBXFileReference; fileEncoding = 4; lastKnownFileType = sourcecode.c.h; path = OmarMariam_Prefix.pch; sourceTree = "<group>"; };
		3A16FB71128AC559004343ED /* GamesViewController.h */ = {isa = PBXFileReference; fileEncoding = 4; lastKnownFileType = sourcecode.c.h; path = GamesViewController.h; sourceTree = "<group>"; };
		3A16FB72128AC559004343ED /* GamesViewController.m */ = {isa = PBXFileReference; fileEncoding = 4; lastKnownFileType = sourcecode.c.objc; path = GamesViewController.m; sourceTree = "<group>"; };
		3A16FB73128AC559004343ED /* GamesViewController.xib */ = {isa = PBXFileReference; lastKnownFileType = file.xib; path = GamesViewController.xib; sourceTree = "<group>"; };
		3A199C33127D802100C022B1 /* omarmariam-o.png */ = {isa = PBXFileReference; lastKnownFileType = image.png; path = "omarmariam-o.png"; sourceTree = "<group>"; };
		3A199C35127D802F00C022B1 /* omarmariamqittah-o.png */ = {isa = PBXFileReference; lastKnownFileType = image.png; path = "omarmariamqittah-o.png"; sourceTree = "<group>"; };
		3A199C4A127D847F00C022B1 /* QuizViewController.h */ = {isa = PBXFileReference; fileEncoding = 4; lastKnownFileType = sourcecode.c.h; path = QuizViewController.h; sourceTree = "<group>"; };
		3A199C4B127D847F00C022B1 /* QuizViewController.m */ = {isa = PBXFileReference; fileEncoding = 4; lastKnownFileType = sourcecode.c.objc; path = QuizViewController.m; sourceTree = "<group>"; };
		3A199C4C127D847F00C022B1 /* QuizViewController.xib */ = {isa = PBXFileReference; lastKnownFileType = file.xib; path = QuizViewController.xib; sourceTree = "<group>"; };
		3A199C51127D8AE500C022B1 /* goodmorning.mp3 */ = {isa = PBXFileReference; lastKnownFileType = audio.mp3; path = goodmorning.mp3; sourceTree = "<group>"; };
		3A199C52127D8AE500C022B1 /* ohno.mp3 */ = {isa = PBXFileReference; lastKnownFileType = audio.mp3; path = ohno.mp3; sourceTree = "<group>"; };
		3A199C55127D8B7500C022B1 /* uwmTextThick.png */ = {isa = PBXFileReference; lastKnownFileType = image.png; path = uwmTextThick.png; sourceTree = "<group>"; };
		3A199C57127D8BC300C022B1 /* umxh1659.png */ = {isa = PBXFileReference; lastKnownFileType = image.png; path = umxh1659.png; sourceTree = "<group>"; };
		3A199C59127D8BD500C022B1 /* pictureFrame.png */ = {isa = PBXFileReference; lastKnownFileType = image.png; path = pictureFrame.png; sourceTree = "<group>"; };
		3A238E1B125AB279002470B1 /* LineGameViewController.h */ = {isa = PBXFileReference; fileEncoding = 4; lastKnownFileType = sourcecode.c.h; path = LineGameViewController.h; sourceTree = "<group>"; };
		3A238E1C125AB279002470B1 /* LineGameViewController.m */ = {isa = PBXFileReference; fileEncoding = 4; lastKnownFileType = sourcecode.c.objc; path = LineGameViewController.m; sourceTree = "<group>"; };
		3A238E1D125AB279002470B1 /* LineGameViewController.xib */ = {isa = PBXFileReference; lastKnownFileType = file.xib; path = LineGameViewController.xib; sourceTree = "<group>"; };
		3A28F7EB128255BB00FACC97 /* LineView.h */ = {isa = PBXFileReference; fileEncoding = 4; lastKnownFileType = sourcecode.c.h; path = LineView.h; sourceTree = "<group>"; };
		3A28F7EC128255BB00FACC97 /* LineView.m */ = {isa = PBXFileReference; fileEncoding = 4; lastKnownFileType = sourcecode.c.objc; path = LineView.m; sourceTree = "<group>"; };
		3A28FC3F1282E16300FACC97 /* omarmariam.png */ = {isa = PBXFileReference; lastKnownFileType = image.png; path = omarmariam.png; sourceTree = "<group>"; };
		3A28FCBA1282EEC300FACC97 /* Constants.h */ = {isa = PBXFileReference; fileEncoding = 4; lastKnownFileType = sourcecode.c.h; path = Constants.h; sourceTree = "<group>"; };
		3A2E981212B1FD0B002AD697 /* v1b1cp.jpg */ = {isa = PBXFileReference; lastKnownFileType = image.jpeg; path = v1b1cp.jpg; sourceTree = "<group>"; };
		3A2E981312B1FD0B002AD697 /* v1b2cp.jpg */ = {isa = PBXFileReference; lastKnownFileType = image.jpeg; path = v1b2cp.jpg; sourceTree = "<group>"; };
		3A2E981412B1FD0B002AD697 /* v1b3cp.jpg */ = {isa = PBXFileReference; lastKnownFileType = image.jpeg; path = v1b3cp.jpg; sourceTree = "<group>"; };
		3A2E981512B1FD0B002AD697 /* v1b4cp.jpg */ = {isa = PBXFileReference; lastKnownFileType = image.jpeg; path = v1b4cp.jpg; sourceTree = "<group>"; };
		3A2E981612B1FD0B002AD697 /* v1b5cp.jpg */ = {isa = PBXFileReference; lastKnownFileType = image.jpeg; path = v1b5cp.jpg; sourceTree = "<group>"; };
		3A2E981712B1FD0B002AD697 /* v1b6cp.jpg */ = {isa = PBXFileReference; lastKnownFileType = image.jpeg; path = v1b6cp.jpg; sourceTree = "<group>"; };
		3A2E981812B1FD0B002AD697 /* v1b7cp.jpg */ = {isa = PBXFileReference; lastKnownFileType = image.jpeg; path = v1b7cp.jpg; sourceTree = "<group>"; };
		3A2E983F12B3434C002AD697 /* umarwamariam.mp3 */ = {isa = PBXFileReference; lastKnownFileType = audio.mp3; path = umarwamariam.mp3; sourceTree = "<group>"; };
		3A3E83C5125835AE00FAB522 /* Volume1 */ = {isa = PBXFileReference; lastKnownFileType = folder; path = Volume1; sourceTree = "<group>"; };
		3A6342A31256658600EE14DA /* BookViewController.h */ = {isa = PBXFileReference; fileEncoding = 4; lastKnownFileType = sourcecode.c.h; path = BookViewController.h; sourceTree = "<group>"; };
		3A6342A41256658600EE14DA /* BookViewController.m */ = {isa = PBXFileReference; fileEncoding = 4; lastKnownFileType = sourcecode.c.objc; path = BookViewController.m; sourceTree = "<group>"; };
		3A63436312566CD900EE14DA /* blank.jpg */ = {isa = PBXFileReference; lastKnownFileType = image.jpeg; name = blank.jpg; path = ../blank.jpg; sourceTree = "<group>"; };
		3A7E5DBF1342D22800ADD973 /* correct.mp3 */ = {isa = PBXFileReference; lastKnownFileType = audio.mp3; path = correct.mp3; sourceTree = "<group>"; };
		3A7E6227134439C500ADD973 /* flip.mp3 */ = {isa = PBXFileReference; lastKnownFileType = audio.mp3; path = flip.mp3; sourceTree = "<group>"; };
		3A89B403127E7705008F313D /* LBiPadRootViewController.h */ = {isa = PBXFileReference; fileEncoding = 4; lastKnownFileType = sourcecode.c.h; path = LBiPadRootViewController.h; sourceTree = "<group>"; };
		3A89B404127E7705008F313D /* LBiPadRootViewController.m */ = {isa = PBXFileReference; fileEncoding = 4; lastKnownFileType = sourcecode.c.objc; path = LBiPadRootViewController.m; sourceTree = "<group>"; };
		3A89B405127E7705008F313D /* LBiPadRootViewController.xib */ = {isa = PBXFileReference; lastKnownFileType = file.xib; path = LBiPadRootViewController.xib; sourceTree = "<group>"; };
		3A94453B1280678F00590EFA /* ab.png */ = {isa = PBXFileReference; lastKnownFileType = image.png; path = ab.png; sourceTree = "<group>"; };
		3A94453C1280678F00590EFA /* aeshab.png */ = {isa = PBXFileReference; lastKnownFileType = image.png; path = aeshab.png; sourceTree = "<group>"; };
		3A94453D1280678F00590EFA /* arnab.png */ = {isa = PBXFileReference; lastKnownFileType = image.png; path = arnab.png; sourceTree = "<group>"; };
		3A94453E1280678F00590EFA /* balunat.png */ = {isa = PBXFileReference; lastKnownFileType = image.png; path = balunat.png; sourceTree = "<group>"; };
		3A94453F1280678F00590EFA /* beit.png */ = {isa = PBXFileReference; lastKnownFileType = image.png; path = beit.png; sourceTree = "<group>"; };
		3A9445401280678F00590EFA /* dairah.png */ = {isa = PBXFileReference; lastKnownFileType = image.png; path = dairah.png; sourceTree = "<group>"; };
		3A9445411280678F00590EFA /* darrajah.png */ = {isa = PBXFileReference; lastKnownFileType = image.png; path = darrajah.png; sourceTree = "<group>"; };
		3A9445421280678F00590EFA /* dukkan.png */ = {isa = PBXFileReference; lastKnownFileType = image.png; path = dukkan.png; sourceTree = "<group>"; };
		3A9445431280678F00590EFA /* ghurfatunnaum.png */ = {isa = PBXFileReference; lastKnownFileType = image.png; path = ghurfatunnaum.png; sourceTree = "<group>"; };
		3A9445441280678F00590EFA /* hadiqah.png */ = {isa = PBXFileReference; lastKnownFileType = image.png; path = hadiqah.png; sourceTree = "<group>"; };
		3A9445451280678F00590EFA /* halwaa.png */ = {isa = PBXFileReference; lastKnownFileType = image.png; path = halwaa.png; sourceTree = "<group>"; };
		3A9445461280678F00590EFA /* kaek.png */ = {isa = PBXFileReference; lastKnownFileType = image.png; path = kaek.png; sourceTree = "<group>"; };
		3A9445471280678F00590EFA /* katkut.png */ = {isa = PBXFileReference; lastKnownFileType = image.png; path = katkut.png; sourceTree = "<group>"; };
		3A9445481280678F00590EFA /* kurah.png */ = {isa = PBXFileReference; lastKnownFileType = image.png; path = kurah.png; sourceTree = "<group>"; };
		3A9445491280678F00590EFA /* kurahsallah.png */ = {isa = PBXFileReference; lastKnownFileType = image.png; path = kurahsallah.png; sourceTree = "<group>"; };
		3A94454A1280678F00590EFA /* maa.png */ = {isa = PBXFileReference; lastKnownFileType = image.png; path = maa.png; sourceTree = "<group>"; };
		3A94454B1280679000590EFA /* maqead.png */ = {isa = PBXFileReference; lastKnownFileType = image.png; path = maqead.png; sourceTree = "<group>"; };
		3A94454D1280679000590EFA /* mauz.png */ = {isa = PBXFileReference; lastKnownFileType = image.png; path = mauz.png; sourceTree = "<group>"; };
		3A94454E1280679000590EFA /* omarwamariam.png */ = {isa = PBXFileReference; lastKnownFileType = image.png; path = omarwamariam.png; sourceTree = "<group>"; };
		3A94454F1280679000590EFA /* omarwaqittah.png */ = {isa = PBXFileReference; lastKnownFileType = image.png; path = omarwaqittah.png; sourceTree = "<group>"; };
		3A9445501280679000590EFA /* qafas.png */ = {isa = PBXFileReference; lastKnownFileType = image.png; path = qafas.png; sourceTree = "<group>"; };
		3A9445511280679000590EFA /* qittah.png */ = {isa = PBXFileReference; lastKnownFileType = image.png; path = qittah.png; sourceTree = "<group>"; };
		3A9445521280679000590EFA /* sallah.png */ = {isa = PBXFileReference; lastKnownFileType = image.png; path = sallah.png; sourceTree = "<group>"; };
		3A9445531280679000590EFA /* sarir.png */ = {isa = PBXFileReference; lastKnownFileType = image.png; path = sarir.png; sourceTree = "<group>"; };
		3A9445541280679000590EFA /* sayyaratulitfa.png */ = {isa = PBXFileReference; lastKnownFileType = image.png; path = sayyaratulitfa.png; sourceTree = "<group>"; };
		3A9445551280679000590EFA /* syajarah.png */ = {isa = PBXFileReference; lastKnownFileType = image.png; path = syajarah.png; sourceTree = "<group>"; };
		3A9445561280679000590EFA /* zuhur.png */ = {isa = PBXFileReference; lastKnownFileType = image.png; path = zuhur.png; sourceTree = "<group>"; };
		3A9446521280E10400590EFA /* asdiqa.png */ = {isa = PBXFileReference; lastKnownFileType = image.png; path = asdiqa.png; sourceTree = "<group>"; };
		3A9446541280E11C00590EFA /* hiza.png */ = {isa = PBXFileReference; lastKnownFileType = image.png; path = hiza.png; sourceTree = "<group>"; };
		3A94465E1280E18E00590EFA /* qittah.mp3 */ = {isa = PBXFileReference; lastKnownFileType = audio.mp3; path = qittah.mp3; sourceTree = "<group>"; };
		3A9446601280E19C00590EFA /* omarwamariam.mp3 */ = {isa = PBXFileReference; lastKnownFileType = audio.mp3; path = omarwamariam.mp3; sourceTree = "<group>"; };
		3A9446621280E1A800590EFA /* omar.mp3 */ = {isa = PBXFileReference; lastKnownFileType = audio.mp3; path = omar.mp3; sourceTree = "<group>"; };
		3A9446641280E45800590EFA /* haqibah.png */ = {isa = PBXFileReference; lastKnownFileType = image.png; path = haqibah.png; sourceTree = "<group>"; };
		3A9446661280E4A800590EFA /* kitab.png */ = {isa = PBXFileReference; lastKnownFileType = image.png; path = kitab.png; sourceTree = "<group>"; };
		3A9446681280E55100590EFA /* maleab.png */ = {isa = PBXFileReference; lastKnownFileType = image.png; path = maleab.png; sourceTree = "<group>"; };
		3A94466A1280E5CD00590EFA /* ab.mp3 */ = {isa = PBXFileReference; lastKnownFileType = audio.mp3; path = ab.mp3; sourceTree = "<group>"; };
		3A94466B1280E5CD00590EFA /* aeshab.mp3 */ = {isa = PBXFileReference; lastKnownFileType = audio.mp3; path = aeshab.mp3; sourceTree = "<group>"; };
		3A94466C1280E5CD00590EFA /* arnab.mp3 */ = {isa = PBXFileReference; lastKnownFileType = audio.mp3; path = arnab.mp3; sourceTree = "<group>"; };
		3A94466D1280E5CD00590EFA /* asdiqa.mp3 */ = {isa = PBXFileReference; lastKnownFileType = audio.mp3; path = asdiqa.mp3; sourceTree = "<group>"; };
		3A94466E1280E5CD00590EFA /* bait.mp3 */ = {isa = PBXFileReference; lastKnownFileType = audio.mp3; path = bait.mp3; sourceTree = "<group>"; };
		3A94466F1280E5CD00590EFA /* balunat.mp3 */ = {isa = PBXFileReference; lastKnownFileType = audio.mp3; path = balunat.mp3; sourceTree = "<group>"; };
		3A9446701280E5CD00590EFA /* dairah.mp3 */ = {isa = PBXFileReference; lastKnownFileType = audio.mp3; path = dairah.mp3; sourceTree = "<group>"; };
		3A9446711280E5CD00590EFA /* darrajah.mp3 */ = {isa = PBXFileReference; lastKnownFileType = audio.mp3; path = darrajah.mp3; sourceTree = "<group>"; };
		3A9446721280E5CD00590EFA /* dukkan.mp3 */ = {isa = PBXFileReference; lastKnownFileType = audio.mp3; path = dukkan.mp3; sourceTree = "<group>"; };
		3A9446731280E5CD00590EFA /* ghurfatunnaum.mp3 */ = {isa = PBXFileReference; lastKnownFileType = audio.mp3; path = ghurfatunnaum.mp3; sourceTree = "<group>"; };
		3A9446741280E5CD00590EFA /* hadiqah.mp3 */ = {isa = PBXFileReference; lastKnownFileType = audio.mp3; path = hadiqah.mp3; sourceTree = "<group>"; };
		3A9446751280E5CD00590EFA /* halwaa.mp3 */ = {isa = PBXFileReference; lastKnownFileType = audio.mp3; path = halwaa.mp3; sourceTree = "<group>"; };
		3A9446761280E5CD00590EFA /* haqibah.mp3 */ = {isa = PBXFileReference; lastKnownFileType = audio.mp3; path = haqibah.mp3; sourceTree = "<group>"; };
		3A9446771280E5CD00590EFA /* hiza.mp3 */ = {isa = PBXFileReference; lastKnownFileType = audio.mp3; path = hiza.mp3; sourceTree = "<group>"; };
		3A9446781280E5CD00590EFA /* kaek.mp3 */ = {isa = PBXFileReference; lastKnownFileType = audio.mp3; path = kaek.mp3; sourceTree = "<group>"; };
		3A9446791280E5CD00590EFA /* katkut.mp3 */ = {isa = PBXFileReference; lastKnownFileType = audio.mp3; path = katkut.mp3; sourceTree = "<group>"; };
		3A94467A1280E5CD00590EFA /* kitab.mp3 */ = {isa = PBXFileReference; lastKnownFileType = audio.mp3; path = kitab.mp3; sourceTree = "<group>"; };
		3A94467B1280E5CD00590EFA /* kurah.mp3 */ = {isa = PBXFileReference; lastKnownFileType = audio.mp3; path = kurah.mp3; sourceTree = "<group>"; };
		3A94467C1280E5CD00590EFA /* maa.mp3 */ = {isa = PBXFileReference; lastKnownFileType = audio.mp3; path = maa.mp3; sourceTree = "<group>"; };
		3A94467D1280E5CD00590EFA /* maleab.mp3 */ = {isa = PBXFileReference; lastKnownFileType = audio.mp3; path = maleab.mp3; sourceTree = "<group>"; };
		3A94467E1280E5CD00590EFA /* maqead.mp3 */ = {isa = PBXFileReference; lastKnownFileType = audio.mp3; path = maqead.mp3; sourceTree = "<group>"; };
		3A94467F1280E5CD00590EFA /* mauz.mp3 */ = {isa = PBXFileReference; lastKnownFileType = audio.mp3; path = mauz.mp3; sourceTree = "<group>"; };
		3A9446801280E5CD00590EFA /* qafas.mp3 */ = {isa = PBXFileReference; lastKnownFileType = audio.mp3; path = qafas.mp3; sourceTree = "<group>"; };
		3A9446811280E5CD00590EFA /* sallah.mp3 */ = {isa = PBXFileReference; lastKnownFileType = audio.mp3; path = sallah.mp3; sourceTree = "<group>"; };
		3A9446821280E5CD00590EFA /* sarir.mp3 */ = {isa = PBXFileReference; lastKnownFileType = audio.mp3; path = sarir.mp3; sourceTree = "<group>"; };
		3A9446831280E5CD00590EFA /* sayyaratulitfa.mp3 */ = {isa = PBXFileReference; lastKnownFileType = audio.mp3; path = sayyaratulitfa.mp3; sourceTree = "<group>"; };
		3A9446841280E5CD00590EFA /* syajarah.mp3 */ = {isa = PBXFileReference; lastKnownFileType = audio.mp3; path = syajarah.mp3; sourceTree = "<group>"; };
		3A9446851280E5CD00590EFA /* zuhur.mp3 */ = {isa = PBXFileReference; lastKnownFileType = audio.mp3; path = zuhur.mp3; sourceTree = "<group>"; };
		3A9446A41280E6EF00590EFA /* cover1.png */ = {isa = PBXFileReference; lastKnownFileType = image.png; path = cover1.png; sourceTree = "<group>"; };
		3A9446A51280E6EF00590EFA /* cover2.png */ = {isa = PBXFileReference; lastKnownFileType = image.png; path = cover2.png; sourceTree = "<group>"; };
		3A9446A61280E6EF00590EFA /* cover3.png */ = {isa = PBXFileReference; lastKnownFileType = image.png; path = cover3.png; sourceTree = "<group>"; };
		3A9446A71280E6EF00590EFA /* cover4.png */ = {isa = PBXFileReference; lastKnownFileType = image.png; path = cover4.png; sourceTree = "<group>"; };
		3A9446A81280E6EF00590EFA /* cover5.png */ = {isa = PBXFileReference; lastKnownFileType = image.png; path = cover5.png; sourceTree = "<group>"; };
		3A9446A91280E6EF00590EFA /* cover6.png */ = {isa = PBXFileReference; lastKnownFileType = image.png; path = cover6.png; sourceTree = "<group>"; };
		3A9446AA1280E6EF00590EFA /* cover7.png */ = {isa = PBXFileReference; lastKnownFileType = image.png; path = cover7.png; sourceTree = "<group>"; };
		3A96F9BF126E36B800991FE1 /* LabelViewController.h */ = {isa = PBXFileReference; fileEncoding = 4; lastKnownFileType = sourcecode.c.h; path = LabelViewController.h; sourceTree = "<group>"; };
		3A96F9C0126E36B800991FE1 /* LabelViewController.m */ = {isa = PBXFileReference; fileEncoding = 4; lastKnownFileType = sourcecode.c.objc; path = LabelViewController.m; sourceTree = "<group>"; };
		3A96F9C1126E36B800991FE1 /* LabelViewController.xib */ = {isa = PBXFileReference; lastKnownFileType = file.xib; path = LabelViewController.xib; sourceTree = "<group>"; };
		3A96F9C6126E377A00991FE1 /* LabelView.h */ = {isa = PBXFileReference; fileEncoding = 4; lastKnownFileType = sourcecode.c.h; path = LabelView.h; sourceTree = "<group>"; };
		3A96F9C7126E377A00991FE1 /* LabelView.m */ = {isa = PBXFileReference; fileEncoding = 4; lastKnownFileType = sourcecode.c.objc; path = LabelView.m; sourceTree = "<group>"; };
		3AA88BD012B07FA400B8D932 /* play.png */ = {isa = PBXFileReference; lastKnownFileType = image.png; path = play.png; sourceTree = "<group>"; };
		3AA88BD112B07FA400B8D932 /* playBlack.png */ = {isa = PBXFileReference; lastKnownFileType = image.png; path = playBlack.png; sourceTree = "<group>"; };
		3AA88C3112B098E400B8D932 /* v2b1cp.jpg */ = {isa = PBXFileReference; lastKnownFileType = image.jpeg; path = v2b1cp.jpg; sourceTree = "<group>"; };
		3AA88C3212B098E400B8D932 /* v2b2cp.jpg */ = {isa = PBXFileReference; lastKnownFileType = image.jpeg; path = v2b2cp.jpg; sourceTree = "<group>"; };
		3AA88C3312B098E400B8D932 /* v2b3cp.jpg */ = {isa = PBXFileReference; lastKnownFileType = image.jpeg; path = v2b3cp.jpg; sourceTree = "<group>"; };
		3AA88C3412B098E400B8D932 /* v2b4cp.jpg */ = {isa = PBXFileReference; lastKnownFileType = image.jpeg; path = v2b4cp.jpg; sourceTree = "<group>"; };
		3AA88C3512B098E400B8D932 /* v2b5cp.jpg */ = {isa = PBXFileReference; lastKnownFileType = image.jpeg; path = v2b5cp.jpg; sourceTree = "<group>"; };
		3AA88C3612B098E400B8D932 /* v2b6cp.jpg */ = {isa = PBXFileReference; lastKnownFileType = image.jpeg; path = v2b6cp.jpg; sourceTree = "<group>"; };
		3AA88C3712B098E400B8D932 /* v2b7cp.jpg */ = {isa = PBXFileReference; lastKnownFileType = image.jpeg; path = v2b7cp.jpg; sourceTree = "<group>"; };
		3AB53EB112B67ABF0047F85B /* Icon.png */ = {isa = PBXFileReference; lastKnownFileType = image.png; path = Icon.png; sourceTree = "<group>"; };
		3AB73489129079F400D51DB2 /* mariamwaqittah.png */ = {isa = PBXFileReference; lastKnownFileType = image.png; path = mariamwaqittah.png; sourceTree = "<group>"; };
		3AB7348B12907A0B00D51DB2 /* mariam.mp3 */ = {isa = PBXFileReference; lastKnownFileType = audio.mp3; path = mariam.mp3; sourceTree = "<group>"; };
		3AB735771290C0A800D51DB2 /* MarkerFelt.ttc */ = {isa = PBXFileReference; lastKnownFileType = file; path = MarkerFelt.ttc; sourceTree = "<group>"; };
		3AB735791290C0C200D51DB2 /* Comic Sans MS */ = {isa = PBXFileReference; fileEncoding = 4; lastKnownFileType = text; path = "Comic Sans MS"; sourceTree = "<group>"; };
		3AB7357B1290C0E600D51DB2 /* Bauhaus 93 */ = {isa = PBXFileReference; fileEncoding = 4; lastKnownFileType = text; path = "Bauhaus 93"; sourceTree = "<group>"; };
		3AB7357D1290C10900D51DB2 /* Brush Script.ttf */ = {isa = PBXFileReference; lastKnownFileType = file; path = "Brush Script.ttf"; sourceTree = "<group>"; };
		3AB7357F1290C1C700D51DB2 /* ARNORG__.TTF */ = {isa = PBXFileReference; lastKnownFileType = file; path = ARNORG__.TTF; sourceTree = "<group>"; };
		3ABFCA331272BAB6004B4725 /* background.png */ = {isa = PBXFileReference; lastKnownFileType = image.png; path = background.png; sourceTree = "<group>"; };
		3ABFCC9912749376004B4725 /* uwmText.png */ = {isa = PBXFileReference; lastKnownFileType = image.png; path = uwmText.png; sourceTree = "<group>"; };
		3ABFCEBE127496CE004B4725 /* cheer.mp3 */ = {isa = PBXFileReference; lastKnownFileType = audio.mp3; path = cheer.mp3; sourceTree = "<group>"; };
		3ABFCEC0127496CE004B4725 /* incorrect.mp3 */ = {isa = PBXFileReference; lastKnownFileType = audio.mp3; path = incorrect.mp3; sourceTree = "<group>"; };
		3ABFCEC4127497B7004B4725 /* omar.png */ = {isa = PBXFileReference; lastKnownFileType = image.png; path = omar.png; sourceTree = "<group>"; };
		3ABFCEC6127497C5004B4725 /* omarmariamfull.png */ = {isa = PBXFileReference; lastKnownFileType = image.png; path = omarmariamfull.png; sourceTree = "<group>"; };
		3ABFCEC8127497D2004B4725 /* mariam.png */ = {isa = PBXFileReference; lastKnownFileType = image.png; path = mariam.png; sourceTree = "<group>"; };
		3ABFCEDD1274988D004B4725 /* 1.png */ = {isa = PBXFileReference; lastKnownFileType = image.png; path = 1.png; sourceTree = "<group>"; };
		3ABFCEDF127498A7004B4725 /* 2.png */ = {isa = PBXFileReference; lastKnownFileType = image.png; path = 2.png; sourceTree = "<group>"; };
		3ABFCEE0127498A7004B4725 /* 3.png */ = {isa = PBXFileReference; lastKnownFileType = image.png; path = 3.png; sourceTree = "<group>"; };
		3ABFCEE1127498A7004B4725 /* 4.png */ = {isa = PBXFileReference; lastKnownFileType = image.png; path = 4.png; sourceTree = "<group>"; };
		3ABFCEE2127498A7004B4725 /* 5.png */ = {isa = PBXFileReference; lastKnownFileType = image.png; path = 5.png; sourceTree = "<group>"; };
		3ABFCEE3127498A8004B4725 /* 6.png */ = {isa = PBXFileReference; lastKnownFileType = image.png; path = 6.png; sourceTree = "<group>"; };
		3ABFCEE4127498A8004B4725 /* 7.png */ = {isa = PBXFileReference; lastKnownFileType = image.png; path = 7.png; sourceTree = "<group>"; };
		3ABFCF6D127539E2004B4725 /* ClozeGameViewController.h */ = {isa = PBXFileReference; fileEncoding = 4; lastKnownFileType = sourcecode.c.h; path = ClozeGameViewController.h; sourceTree = "<group>"; };
		3ABFCF6E127539E2004B4725 /* ClozeGameViewController.m */ = {isa = PBXFileReference; fileEncoding = 4; lastKnownFileType = sourcecode.c.objc; path = ClozeGameViewController.m; sourceTree = "<group>"; wrapsLines = 0; };
		3ABFCF6F127539E2004B4725 /* ClozeGameViewController.xib */ = {isa = PBXFileReference; lastKnownFileType = file.xib; path = ClozeGameViewController.xib; sourceTree = "<group>"; };
		3ABFCFA6127542F8004B4725 /* irsyad.png */ = {isa = PBXFileReference; lastKnownFileType = image.png; path = irsyad.png; sourceTree = "<group>"; };
		3AD2EED812764951005ECE31 /* ClozeView.h */ = {isa = PBXFileReference; fileEncoding = 4; lastKnownFileType = sourcecode.c.h; path = ClozeView.h; sourceTree = "<group>"; };
		3AD2EED912764951005ECE31 /* ClozeView.m */ = {isa = PBXFileReference; fileEncoding = 4; lastKnownFileType = sourcecode.c.objc; path = ClozeView.m; sourceTree = "<group>"; };
		3ADF9846128E93E2004C4943 /* Volume1.plist */ = {isa = PBXFileReference; fileEncoding = 4; lastKnownFileType = text.plist.xml; path = Volume1.plist; sourceTree = "<group>"; };
		3ADF9A69128F35D6004C4943 /* LBView.h */ = {isa = PBXFileReference; fileEncoding = 4; lastKnownFileType = sourcecode.c.h; path = LBView.h; sourceTree = "<group>"; };
		3ADF9A6A128F35D6004C4943 /* LBView.m */ = {isa = PBXFileReference; fileEncoding = 4; lastKnownFileType = sourcecode.c.objc; path = LBView.m; sourceTree = "<group>"; };
		4434D92012486C3D00295B33 /* AVFoundation.framework */ = {isa = PBXFileReference; lastKnownFileType = wrapper.framework; name = AVFoundation.framework; path = System/Library/Frameworks/AVFoundation.framework; sourceTree = SDKROOT; };
		7A853EE01234689000695260 /* QuartzCore.framework */ = {isa = PBXFileReference; lastKnownFileType = wrapper.framework; name = QuartzCore.framework; path = System/Library/Frameworks/QuartzCore.framework; sourceTree = SDKROOT; };
		7AA557A8123794CA00D775EA /* bookShelf.png */ = {isa = PBXFileReference; lastKnownFileType = image.png; path = bookShelf.png; sourceTree = "<group>"; };
		7AA557CF123799F700D775EA /* bookShelfSmall.png */ = {isa = PBXFileReference; explicitFileType = image.png; path = bookShelfSmall.png; sourceTree = "<group>"; };
		7AD056A61234805400C2EC84 /* LeavesCache.h */ = {isa = PBXFileReference; fileEncoding = 4; lastKnownFileType = sourcecode.c.h; path = LeavesCache.h; sourceTree = "<group>"; };
		7AD056A71234805400C2EC84 /* LeavesCache.m */ = {isa = PBXFileReference; fileEncoding = 4; lastKnownFileType = sourcecode.c.objc; path = LeavesCache.m; sourceTree = "<group>"; };
		7AD056A81234805400C2EC84 /* LeavesView.h */ = {isa = PBXFileReference; fileEncoding = 4; lastKnownFileType = sourcecode.c.h; path = LeavesView.h; sourceTree = "<group>"; };
		7AD056A91234805400C2EC84 /* LeavesView.m */ = {isa = PBXFileReference; fileEncoding = 4; lastKnownFileType = sourcecode.c.objc; path = LeavesView.m; sourceTree = "<group>"; };
		7AD056AA1234805400C2EC84 /* LeavesViewController.h */ = {isa = PBXFileReference; fileEncoding = 4; lastKnownFileType = sourcecode.c.h; path = LeavesViewController.h; sourceTree = "<group>"; };
		7AD056AB1234805400C2EC84 /* LeavesViewController.m */ = {isa = PBXFileReference; fileEncoding = 4; lastKnownFileType = sourcecode.c.objc; path = LeavesViewController.m; sourceTree = "<group>"; };
		7AD056AD1234805400C2EC84 /* Utilities.h */ = {isa = PBXFileReference; fileEncoding = 4; lastKnownFileType = sourcecode.c.h; path = Utilities.h; sourceTree = "<group>"; };
		7AD056AE1234805400C2EC84 /* Utilities.m */ = {isa = PBXFileReference; fileEncoding = 4; lastKnownFileType = sourcecode.c.objc; path = Utilities.m; sourceTree = "<group>"; };
		8D1107310486CEB800E47090 /* OmarMariam-Info.plist */ = {isa = PBXFileReference; fileEncoding = 4; lastKnownFileType = text.plist.xml; path = "OmarMariam-Info.plist"; plistStructureDefinitionIdentifier = "com.apple.xcode.plist.structure-definition.iphone.info-plist"; sourceTree = "<group>"; };
/* End PBXFileReference section */

/* Begin PBXFrameworksBuildPhase section */
		1D60588F0D05DD3D006BFB54 /* Frameworks */ = {
			isa = PBXFrameworksBuildPhase;
			buildActionMask = 2147483647;
			files = (
				1D60589F0D05DD5A006BFB54 /* Foundation.framework in Frameworks */,
				1DF5F4E00D08C38300B7A737 /* UIKit.framework in Frameworks */,
				288765FD0DF74451002DB57D /* CoreGraphics.framework in Frameworks */,
				28EEBFDD1118E19E00187D67 /* CoreData.framework in Frameworks */,
				7A853EE11234689000695260 /* QuartzCore.framework in Frameworks */,
				4434D92112486C3D00295B33 /* AVFoundation.framework in Frameworks */,
			);
			runOnlyForDeploymentPostprocessing = 0;
		};
/* End PBXFrameworksBuildPhase section */

/* Begin PBXGroup section */
		19C28FACFE9D520D11CA2CBB /* Products */ = {
			isa = PBXGroup;
			children = (
				1D6058910D05DD3D006BFB54 /* OmarMariam.app */,
			);
			name = Products;
			sourceTree = "<group>";
		};
		2860E386111B897F00E27156 /* iPhone */ = {
			isa = PBXGroup;
			children = (
				2860E387111B897F00E27156 /* AppDelegate_iPhone.h */,
				2860E388111B897F00E27156 /* AppDelegate_iPhone.m */,
				2860E389111B897F00E27156 /* MainWindow_iPhone.xib */,
			);
			path = iPhone;
			sourceTree = "<group>";
		};
		28EEBF621118D79A00187D67 /* Shared */ = {
			isa = PBXGroup;
			children = (
				3ADF9846128E93E2004C4943 /* Volume1.plist */,
				2819307C112F81BE00ECF9B4 /* OmarMariam.xcdatamodeld */,
				28EEC0491118E28000187D67 /* AppDelegate_Shared.h */,
				28EEC04A1118E28000187D67 /* AppDelegate_Shared.m */,
				8D1107310486CEB800E47090 /* OmarMariam-Info.plist */,
				3A28FCBA1282EEC300FACC97 /* Constants.h */,
			);
			name = Shared;
			sourceTree = "<group>";
		};
		29B97314FDCFA39411CA2CEA /* CustomTemplate */ = {
			isa = PBXGroup;
			children = (
				7AD05BFA1234DC3F00C2EC84 /* Resources */,
				7AD056A41234805400C2EC84 /* Classes */,
				2860E386111B897F00E27156 /* iPhone */,
				29B97317FDCFA39411CA2CEA /* iPad */,
				28EEBF621118D79A00187D67 /* Shared */,
				29B97315FDCFA39411CA2CEA /* Other Sources */,
				29B97323FDCFA39411CA2CEA /* Frameworks */,
				19C28FACFE9D520D11CA2CBB /* Products */,
			);
			name = CustomTemplate;
			sourceTree = "<group>";
		};
		29B97315FDCFA39411CA2CEA /* Other Sources */ = {
			isa = PBXGroup;
			children = (
				32CA4F630368D1EE00C91783 /* OmarMariam_Prefix.pch */,
				29B97316FDCFA39411CA2CEA /* main.m */,
			);
			name = "Other Sources";
			sourceTree = "<group>";
		};
		29B97317FDCFA39411CA2CEA /* iPad */ = {
			isa = PBXGroup;
			children = (
				3A89B403127E7705008F313D /* LBiPadRootViewController.h */,
				3A89B404127E7705008F313D /* LBiPadRootViewController.m */,
				3A89B405127E7705008F313D /* LBiPadRootViewController.xib */,
				7AD05F671234DDB600C2EC84 /* iBooks */,
				1D3623240D0F684500981E51 /* AppDelegate_iPad.h */,
				1D3623250D0F684500981E51 /* AppDelegate_iPad.m */,
				28AD733E0D9D9553002E5188 /* MainWindow_iPad.xib */,
			);
			name = iPad;
			sourceTree = "<group>";
		};
		29B97323FDCFA39411CA2CEA /* Frameworks */ = {
			isa = PBXGroup;
			children = (
				4434D92012486C3D00295B33 /* AVFoundation.framework */,
				1DF5F4DF0D08C38300B7A737 /* UIKit.framework */,
				1D30AB110D05D00D00671497 /* Foundation.framework */,
				288765FC0DF74451002DB57D /* CoreGraphics.framework */,
				28EEBFDC1118E19E00187D67 /* CoreData.framework */,
				7A853EE01234689000695260 /* QuartzCore.framework */,
			);
			name = Frameworks;
			sourceTree = "<group>";
		};
		3A3E856D1258371400FAB522 /* BookCover */ = {
			isa = PBXGroup;
			children = (
				3A2E981212B1FD0B002AD697 /* v1b1cp.jpg */,
				3A2E981312B1FD0B002AD697 /* v1b2cp.jpg */,
				3A2E981412B1FD0B002AD697 /* v1b3cp.jpg */,
				3A2E981512B1FD0B002AD697 /* v1b4cp.jpg */,
				3A2E981612B1FD0B002AD697 /* v1b5cp.jpg */,
				3A2E981712B1FD0B002AD697 /* v1b6cp.jpg */,
				3A2E981812B1FD0B002AD697 /* v1b7cp.jpg */,
				3AA88C3112B098E400B8D932 /* v2b1cp.jpg */,
				3AA88C3212B098E400B8D932 /* v2b2cp.jpg */,
				3AA88C3312B098E400B8D932 /* v2b3cp.jpg */,
				3AA88C3412B098E400B8D932 /* v2b4cp.jpg */,
				3AA88C3512B098E400B8D932 /* v2b5cp.jpg */,
				3AA88C3612B098E400B8D932 /* v2b6cp.jpg */,
				3AA88C3712B098E400B8D932 /* v2b7cp.jpg */,
			);
			name = BookCover;
			path = ..;
			sourceTree = "<group>";
		};
		3A944573128067BA00590EFA /* Game Images */ = {
			isa = PBXGroup;
			children = (
				3A28FC3F1282E16300FACC97 /* omarmariam.png */,
				3A9446A41280E6EF00590EFA /* cover1.png */,
				3A9446A51280E6EF00590EFA /* cover2.png */,
				3A9446A61280E6EF00590EFA /* cover3.png */,
				3A9446A71280E6EF00590EFA /* cover4.png */,
				3A9446A81280E6EF00590EFA /* cover5.png */,
				3A9446A91280E6EF00590EFA /* cover6.png */,
				3A9446AA1280E6EF00590EFA /* cover7.png */,
				3A9446681280E55100590EFA /* maleab.png */,
				3A9446661280E4A800590EFA /* kitab.png */,
				3A9446641280E45800590EFA /* haqibah.png */,
				3A9446541280E11C00590EFA /* hiza.png */,
				3A9446521280E10400590EFA /* asdiqa.png */,
				3A199C35127D802F00C022B1 /* omarmariamqittah-o.png */,
				3A199C33127D802100C022B1 /* omarmariam-o.png */,
				3ABFCEC8127497D2004B4725 /* mariam.png */,
				3ABFCEC6127497C5004B4725 /* omarmariamfull.png */,
				3ABFCEC4127497B7004B4725 /* omar.png */,
				3A94453B1280678F00590EFA /* ab.png */,
				3A94453C1280678F00590EFA /* aeshab.png */,
				3A94453D1280678F00590EFA /* arnab.png */,
				3A94453E1280678F00590EFA /* balunat.png */,
				3A94453F1280678F00590EFA /* beit.png */,
				3A9445401280678F00590EFA /* dairah.png */,
				3A9445411280678F00590EFA /* darrajah.png */,
				3A9445421280678F00590EFA /* dukkan.png */,
				3A9445431280678F00590EFA /* ghurfatunnaum.png */,
				3A9445441280678F00590EFA /* hadiqah.png */,
				3A9445451280678F00590EFA /* halwaa.png */,
				3A9445461280678F00590EFA /* kaek.png */,
				3A9445471280678F00590EFA /* katkut.png */,
				3A9445481280678F00590EFA /* kurah.png */,
				3A9445491280678F00590EFA /* kurahsallah.png */,
				3A94454A1280678F00590EFA /* maa.png */,
				3A94454B1280679000590EFA /* maqead.png */,
				3AB73489129079F400D51DB2 /* mariamwaqittah.png */,
				3A94454D1280679000590EFA /* mauz.png */,
				3A94454E1280679000590EFA /* omarwamariam.png */,
				3A94454F1280679000590EFA /* omarwaqittah.png */,
				3A9445501280679000590EFA /* qafas.png */,
				3A9445511280679000590EFA /* qittah.png */,
				3A9445521280679000590EFA /* sallah.png */,
				3A9445531280679000590EFA /* sarir.png */,
				3A9445541280679000590EFA /* sayyaratulitfa.png */,
				3A9445551280679000590EFA /* syajarah.png */,
				3A9445561280679000590EFA /* zuhur.png */,
			);
			name = "Game Images";
			sourceTree = "<group>";
		};
		3A9446561280E15300590EFA /* Game Audios */ = {
			isa = PBXGroup;
			children = (
				3A2E983F12B3434C002AD697 /* umarwamariam.mp3 */,
				3A94466A1280E5CD00590EFA /* ab.mp3 */,
				3A94466B1280E5CD00590EFA /* aeshab.mp3 */,
				3A94466C1280E5CD00590EFA /* arnab.mp3 */,
				3A94466D1280E5CD00590EFA /* asdiqa.mp3 */,
				3A94466E1280E5CD00590EFA /* bait.mp3 */,
				3A94466F1280E5CD00590EFA /* balunat.mp3 */,
				3A9446701280E5CD00590EFA /* dairah.mp3 */,
				3A9446711280E5CD00590EFA /* darrajah.mp3 */,
				3A9446721280E5CD00590EFA /* dukkan.mp3 */,
				3A9446731280E5CD00590EFA /* ghurfatunnaum.mp3 */,
				3A9446741280E5CD00590EFA /* hadiqah.mp3 */,
				3A9446751280E5CD00590EFA /* halwaa.mp3 */,
				3A9446761280E5CD00590EFA /* haqibah.mp3 */,
				3A9446771280E5CD00590EFA /* hiza.mp3 */,
				3A9446781280E5CD00590EFA /* kaek.mp3 */,
				3A9446791280E5CD00590EFA /* katkut.mp3 */,
				3A94467A1280E5CD00590EFA /* kitab.mp3 */,
				3A94467B1280E5CD00590EFA /* kurah.mp3 */,
				3A94467C1280E5CD00590EFA /* maa.mp3 */,
				3A94467D1280E5CD00590EFA /* maleab.mp3 */,
				3A94467E1280E5CD00590EFA /* maqead.mp3 */,
				3AB7348B12907A0B00D51DB2 /* mariam.mp3 */,
				3A94467F1280E5CD00590EFA /* mauz.mp3 */,
				3A9446801280E5CD00590EFA /* qafas.mp3 */,
				3A9446811280E5CD00590EFA /* sallah.mp3 */,
				3A9446821280E5CD00590EFA /* sarir.mp3 */,
				3A9446831280E5CD00590EFA /* sayyaratulitfa.mp3 */,
				3A9446841280E5CD00590EFA /* syajarah.mp3 */,
				3A9446851280E5CD00590EFA /* zuhur.mp3 */,
				3A9446601280E19C00590EFA /* omarwamariam.mp3 */,
				3A94465E1280E18E00590EFA /* qittah.mp3 */,
				3A9446621280E1A800590EFA /* omar.mp3 */,
			);
			name = "Game Audios";
			sourceTree = "<group>";
		};
		3ABFCEED127498BA004B4725 /* Number */ = {
			isa = PBXGroup;
			children = (
				3ABFCEDF127498A7004B4725 /* 2.png */,
				3ABFCEE0127498A7004B4725 /* 3.png */,
				3ABFCEE1127498A7004B4725 /* 4.png */,
				3ABFCEE2127498A7004B4725 /* 5.png */,
				3ABFCEE3127498A8004B4725 /* 6.png */,
				3ABFCEE4127498A8004B4725 /* 7.png */,
				3ABFCEDD1274988D004B4725 /* 1.png */,
			);
			name = Number;
			sourceTree = "<group>";
		};
		7A61728E12375F8300C7A5F4 /* Common */ = {
			isa = PBXGroup;
			children = (
				3AB735771290C0A800D51DB2 /* MarkerFelt.ttc */,
				3AB735791290C0C200D51DB2 /* Comic Sans MS */,
				3AB7357B1290C0E600D51DB2 /* Bauhaus 93 */,
				3AB7357D1290C10900D51DB2 /* Brush Script.ttf */,
				3AB7357F1290C1C700D51DB2 /* ARNORG__.TTF */,
				3A3E856D1258371400FAB522 /* BookCover */,
				3A9446561280E15300590EFA /* Game Audios */,
				3A944573128067BA00590EFA /* Game Images */,
				3A199C59127D8BD500C022B1 /* pictureFrame.png */,
				3A199C57127D8BC300C022B1 /* umxh1659.png */,
				3A199C55127D8B7500C022B1 /* uwmTextThick.png */,
				3A199C51127D8AE500C022B1 /* goodmorning.mp3 */,
				3A199C52127D8AE500C022B1 /* ohno.mp3 */,
				3ABFCEED127498BA004B4725 /* Number */,
				3ABFCFA6127542F8004B4725 /* irsyad.png */,
				3A7E6227134439C500ADD973 /* flip.mp3 */,
				3ABFCEBE127496CE004B4725 /* cheer.mp3 */,
				3A7E5DBF1342D22800ADD973 /* correct.mp3 */,
				3ABFCEC0127496CE004B4725 /* incorrect.mp3 */,
				3ABFCC9912749376004B4725 /* uwmText.png */,
				3ABFCA331272BAB6004B4725 /* background.png */,
				3A63436312566CD900EE14DA /* blank.jpg */,
				7AA557CF123799F700D775EA /* bookShelfSmall.png */,
				7AA557A8123794CA00D775EA /* bookShelf.png */,
				3AA88BD012B07FA400B8D932 /* play.png */,
				3AA88BD112B07FA400B8D932 /* playBlack.png */,
				3AB53EB112B67ABF0047F85B /* Icon.png */,
			);
			path = Common;
			sourceTree = "<group>";
		};
		7AD056A41234805400C2EC84 /* Classes */ = {
			isa = PBXGroup;
			children = (
				7AD056A51234805400C2EC84 /* Leaves */,
				7AD056AC1234805400C2EC84 /* Utilities */,
			);
			path = Classes;
			sourceTree = "<group>";
		};
		7AD056A51234805400C2EC84 /* Leaves */ = {
			isa = PBXGroup;
			children = (
				7AD056A61234805400C2EC84 /* LeavesCache.h */,
				7AD056A71234805400C2EC84 /* LeavesCache.m */,
				7AD056A81234805400C2EC84 /* LeavesView.h */,
				7AD056A91234805400C2EC84 /* LeavesView.m */,
				7AD056AA1234805400C2EC84 /* LeavesViewController.h */,
				7AD056AB1234805400C2EC84 /* LeavesViewController.m */,
			);
			path = Leaves;
			sourceTree = "<group>";
		};
		7AD056AC1234805400C2EC84 /* Utilities */ = {
			isa = PBXGroup;
			children = (
				7AD056AD1234805400C2EC84 /* Utilities.h */,
				7AD056AE1234805400C2EC84 /* Utilities.m */,
			);
			path = Utilities;
			sourceTree = "<group>";
		};
		7AD05BFA1234DC3F00C2EC84 /* Resources */ = {
			isa = PBXGroup;
			children = (
				3A3E83C5125835AE00FAB522 /* Volume1 */,
				7A61728E12375F8300C7A5F4 /* Common */,
			);
			path = Resources;
			sourceTree = "<group>";
		};
		7AD05F671234DDB600C2EC84 /* iBooks */ = {
			isa = PBXGroup;
			children = (
				3A6342A31256658600EE14DA /* BookViewController.h */,
				3A6342A41256658600EE14DA /* BookViewController.m */,
				3A238E1B125AB279002470B1 /* LineGameViewController.h */,
				3A238E1C125AB279002470B1 /* LineGameViewController.m */,
				3A238E1D125AB279002470B1 /* LineGameViewController.xib */,
				3A28F7EB128255BB00FACC97 /* LineView.h */,
				3A28F7EC128255BB00FACC97 /* LineView.m */,
				3A96F9BF126E36B800991FE1 /* LabelViewController.h */,
				3A96F9C0126E36B800991FE1 /* LabelViewController.m */,
				3A96F9C1126E36B800991FE1 /* LabelViewController.xib */,
				3A96F9C6126E377A00991FE1 /* LabelView.h */,
				3A96F9C7126E377A00991FE1 /* LabelView.m */,
				3ABFCF6D127539E2004B4725 /* ClozeGameViewController.h */,
				3ABFCF6E127539E2004B4725 /* ClozeGameViewController.m */,
				3ABFCF6F127539E2004B4725 /* ClozeGameViewController.xib */,
				3AD2EED812764951005ECE31 /* ClozeView.h */,
				3AD2EED912764951005ECE31 /* ClozeView.m */,
				3A199C4A127D847F00C022B1 /* QuizViewController.h */,
				3A199C4B127D847F00C022B1 /* QuizViewController.m */,
				3A199C4C127D847F00C022B1 /* QuizViewController.xib */,
				3A16FB71128AC559004343ED /* GamesViewController.h */,
				3A16FB72128AC559004343ED /* GamesViewController.m */,
				3A16FB73128AC559004343ED /* GamesViewController.xib */,
				3ADF9A69128F35D6004C4943 /* LBView.h */,
				3ADF9A6A128F35D6004C4943 /* LBView.m */,
			);
			name = iBooks;
			sourceTree = "<group>";
		};
/* End PBXGroup section */

/* Begin PBXNativeTarget section */
		1D6058900D05DD3D006BFB54 /* OmarMariam */ = {
			isa = PBXNativeTarget;
			buildConfigurationList = 1D6058960D05DD3E006BFB54 /* Build configuration list for PBXNativeTarget "OmarMariam" */;
			buildPhases = (
				1D60588D0D05DD3D006BFB54 /* Resources */,
				1D60588E0D05DD3D006BFB54 /* Sources */,
				1D60588F0D05DD3D006BFB54 /* Frameworks */,
			);
			buildRules = (
			);
			dependencies = (
			);
			name = OmarMariam;
			productName = OmarMariam;
			productReference = 1D6058910D05DD3D006BFB54 /* OmarMariam.app */;
			productType = "com.apple.product-type.application";
		};
/* End PBXNativeTarget section */

/* Begin PBXProject section */
		29B97313FDCFA39411CA2CEA /* Project object */ = {
			isa = PBXProject;
			attributes = {
				ORGANIZATIONNAME = "Brainstorm Technologies Sdn Bhd";
			};
			buildConfigurationList = C01FCF4E08A954540054247B /* Build configuration list for PBXProject "OmarMariam" */;
			compatibilityVersion = "Xcode 3.1";
			developmentRegion = English;
			hasScannedForEncodings = 1;
			knownRegions = (
				English,
				Japanese,
				French,
				German,
			);
			mainGroup = 29B97314FDCFA39411CA2CEA /* CustomTemplate */;
			projectDirPath = "";
			projectRoot = "";
			targets = (
				1D6058900D05DD3D006BFB54 /* OmarMariam */,
			);
		};
/* End PBXProject section */

/* Begin PBXResourcesBuildPhase section */
		1D60588D0D05DD3D006BFB54 /* Resources */ = {
			isa = PBXResourcesBuildPhase;
			buildActionMask = 2147483647;
			files = (
				28AD733F0D9D9553002E5188 /* MainWindow_iPad.xib in Resources */,
				2860E38B111B897F00E27156 /* MainWindow_iPhone.xib in Resources */,
				7AA557A9123794CA00D775EA /* bookShelf.png in Resources */,
				7AA557D0123799F700D775EA /* bookShelfSmall.png in Resources */,
				3A63436412566CD900EE14DA /* blank.jpg in Resources */,
				3A3E8562125835AE00FAB522 /* Volume1 in Resources */,
				3A238E1F125AB279002470B1 /* LineGameViewController.xib in Resources */,
				3A96F9C3126E36B800991FE1 /* LabelViewController.xib in Resources */,
				3ABFCA341272BAB6004B4725 /* background.png in Resources */,
				3ABFCC9A12749376004B4725 /* uwmText.png in Resources */,
				3ABFCEC1127496CE004B4725 /* cheer.mp3 in Resources */,
				3ABFCEC3127496CE004B4725 /* incorrect.mp3 in Resources */,
				3ABFCEC5127497B7004B4725 /* omar.png in Resources */,
				3ABFCEC7127497C5004B4725 /* omarmariamfull.png in Resources */,
				3ABFCEC9127497D2004B4725 /* mariam.png in Resources */,
				3ABFCEDE1274988D004B4725 /* 1.png in Resources */,
				3ABFCEE5127498A8004B4725 /* 2.png in Resources */,
				3ABFCEE6127498A8004B4725 /* 3.png in Resources */,
				3ABFCEE7127498A8004B4725 /* 4.png in Resources */,
				3ABFCEE8127498A8004B4725 /* 5.png in Resources */,
				3ABFCEE9127498A8004B4725 /* 6.png in Resources */,
				3ABFCEEA127498A8004B4725 /* 7.png in Resources */,
				3ABFCF71127539E2004B4725 /* ClozeGameViewController.xib in Resources */,
				3ABFCFA7127542F8004B4725 /* irsyad.png in Resources */,
				3A199C34127D802100C022B1 /* omarmariam-o.png in Resources */,
				3A199C36127D802F00C022B1 /* omarmariamqittah-o.png in Resources */,
				3A199C4E127D847F00C022B1 /* QuizViewController.xib in Resources */,
				3A199C53127D8AE500C022B1 /* goodmorning.mp3 in Resources */,
				3A199C54127D8AE500C022B1 /* ohno.mp3 in Resources */,
				3A199C56127D8B7500C022B1 /* uwmTextThick.png in Resources */,
				3A199C58127D8BC300C022B1 /* umxh1659.png in Resources */,
				3A199C5A127D8BD500C022B1 /* pictureFrame.png in Resources */,
				3A89B407127E7705008F313D /* LBiPadRootViewController.xib in Resources */,
				3A9445571280679000590EFA /* ab.png in Resources */,
				3A9445581280679000590EFA /* aeshab.png in Resources */,
				3A9445591280679000590EFA /* arnab.png in Resources */,
				3A94455A1280679000590EFA /* balunat.png in Resources */,
				3A94455B1280679000590EFA /* beit.png in Resources */,
				3A94455C1280679000590EFA /* dairah.png in Resources */,
				3A94455D1280679000590EFA /* darrajah.png in Resources */,
				3A94455E1280679000590EFA /* dukkan.png in Resources */,
				3A94455F1280679000590EFA /* ghurfatunnaum.png in Resources */,
				3A9445601280679000590EFA /* hadiqah.png in Resources */,
				3A9445611280679000590EFA /* halwaa.png in Resources */,
				3A9445621280679000590EFA /* kaek.png in Resources */,
				3A9445631280679000590EFA /* katkut.png in Resources */,
				3A9445641280679000590EFA /* kurah.png in Resources */,
				3A9445651280679000590EFA /* kurahsallah.png in Resources */,
				3A9445661280679000590EFA /* maa.png in Resources */,
				3A9445671280679000590EFA /* maqead.png in Resources */,
				3A9445691280679000590EFA /* mauz.png in Resources */,
				3A94456A1280679000590EFA /* omarwamariam.png in Resources */,
				3A94456B1280679000590EFA /* omarwaqittah.png in Resources */,
				3A94456C1280679000590EFA /* qafas.png in Resources */,
				3A94456D1280679000590EFA /* qittah.png in Resources */,
				3A94456E1280679000590EFA /* sallah.png in Resources */,
				3A94456F1280679000590EFA /* sarir.png in Resources */,
				3A9445701280679000590EFA /* sayyaratulitfa.png in Resources */,
				3A9445711280679000590EFA /* syajarah.png in Resources */,
				3A9445721280679000590EFA /* zuhur.png in Resources */,
				3A9446531280E10400590EFA /* asdiqa.png in Resources */,
				3A9446551280E11C00590EFA /* hiza.png in Resources */,
				3A94465F1280E18E00590EFA /* qittah.mp3 in Resources */,
				3A9446611280E19C00590EFA /* omarwamariam.mp3 in Resources */,
				3A9446631280E1A800590EFA /* omar.mp3 in Resources */,
				3A9446651280E45800590EFA /* haqibah.png in Resources */,
				3A9446671280E4A800590EFA /* kitab.png in Resources */,
				3A9446691280E55100590EFA /* maleab.png in Resources */,
				3A9446861280E5CD00590EFA /* ab.mp3 in Resources */,
				3A9446871280E5CD00590EFA /* aeshab.mp3 in Resources */,
				3A9446881280E5CD00590EFA /* arnab.mp3 in Resources */,
				3A9446891280E5CD00590EFA /* asdiqa.mp3 in Resources */,
				3A94468A1280E5CD00590EFA /* bait.mp3 in Resources */,
				3A94468B1280E5CD00590EFA /* balunat.mp3 in Resources */,
				3A94468C1280E5CD00590EFA /* dairah.mp3 in Resources */,
				3A94468D1280E5CD00590EFA /* darrajah.mp3 in Resources */,
				3A94468E1280E5CD00590EFA /* dukkan.mp3 in Resources */,
				3A94468F1280E5CD00590EFA /* ghurfatunnaum.mp3 in Resources */,
				3A9446901280E5CD00590EFA /* hadiqah.mp3 in Resources */,
				3A9446911280E5CD00590EFA /* halwaa.mp3 in Resources */,
				3A9446921280E5CD00590EFA /* haqibah.mp3 in Resources */,
				3A9446931280E5CD00590EFA /* hiza.mp3 in Resources */,
				3A9446941280E5CD00590EFA /* kaek.mp3 in Resources */,
				3A9446951280E5CD00590EFA /* katkut.mp3 in Resources */,
				3A9446961280E5CD00590EFA /* kitab.mp3 in Resources */,
				3A9446971280E5CD00590EFA /* kurah.mp3 in Resources */,
				3A9446981280E5CD00590EFA /* maa.mp3 in Resources */,
				3A9446991280E5CD00590EFA /* maleab.mp3 in Resources */,
				3A94469A1280E5CD00590EFA /* maqead.mp3 in Resources */,
				3A94469B1280E5CD00590EFA /* mauz.mp3 in Resources */,
				3A94469C1280E5CD00590EFA /* qafas.mp3 in Resources */,
				3A94469D1280E5CD00590EFA /* sallah.mp3 in Resources */,
				3A94469E1280E5CD00590EFA /* sarir.mp3 in Resources */,
				3A94469F1280E5CD00590EFA /* sayyaratulitfa.mp3 in Resources */,
				3A9446A01280E5CD00590EFA /* syajarah.mp3 in Resources */,
				3A9446A11280E5CD00590EFA /* zuhur.mp3 in Resources */,
				3A9446AB1280E6EF00590EFA /* cover1.png in Resources */,
				3A9446AC1280E6EF00590EFA /* cover2.png in Resources */,
				3A9446AD1280E6EF00590EFA /* cover3.png in Resources */,
				3A9446AE1280E6EF00590EFA /* cover4.png in Resources */,
				3A9446AF1280E6EF00590EFA /* cover5.png in Resources */,
				3A9446B01280E6EF00590EFA /* cover6.png in Resources */,
				3A9446B11280E6EF00590EFA /* cover7.png in Resources */,
				3A28FC401282E16300FACC97 /* omarmariam.png in Resources */,
				3A16FB75128AC559004343ED /* GamesViewController.xib in Resources */,
				3ADF9847128E93E2004C4943 /* Volume1.plist in Resources */,
				3AB7348A129079F400D51DB2 /* mariamwaqittah.png in Resources */,
				3AB7348C12907A0B00D51DB2 /* mariam.mp3 in Resources */,
				3AB735781290C0A800D51DB2 /* MarkerFelt.ttc in Resources */,
				3AB7357A1290C0C200D51DB2 /* Comic Sans MS in Resources */,
				3AB7357C1290C0E600D51DB2 /* Bauhaus 93 in Resources */,
				3AB7357E1290C10900D51DB2 /* Brush Script.ttf in Resources */,
				3AB735801290C1C700D51DB2 /* ARNORG__.TTF in Resources */,
				3AA88BD212B07FA400B8D932 /* play.png in Resources */,
				3AA88BD312B07FA400B8D932 /* playBlack.png in Resources */,
				3AA88C3812B098E400B8D932 /* v2b1cp.jpg in Resources */,
				3AA88C3912B098E400B8D932 /* v2b2cp.jpg in Resources */,
				3AA88C3A12B098E400B8D932 /* v2b3cp.jpg in Resources */,
				3AA88C3B12B098E400B8D932 /* v2b4cp.jpg in Resources */,
				3AA88C3C12B098E400B8D932 /* v2b5cp.jpg in Resources */,
				3AA88C3D12B098E400B8D932 /* v2b6cp.jpg in Resources */,
				3AA88C3E12B098E400B8D932 /* v2b7cp.jpg in Resources */,
				3A2E981912B1FD0B002AD697 /* v1b1cp.jpg in Resources */,
				3A2E981A12B1FD0B002AD697 /* v1b2cp.jpg in Resources */,
				3A2E981B12B1FD0B002AD697 /* v1b3cp.jpg in Resources */,
				3A2E981C12B1FD0B002AD697 /* v1b4cp.jpg in Resources */,
				3A2E981D12B1FD0B002AD697 /* v1b5cp.jpg in Resources */,
				3A2E981E12B1FD0B002AD697 /* v1b6cp.jpg in Resources */,
				3A2E981F12B1FD0B002AD697 /* v1b7cp.jpg in Resources */,
				3A2E984012B3434C002AD697 /* umarwamariam.mp3 in Resources */,
				3AB53EB212B67ABF0047F85B /* Icon.png in Resources */,
				3A7E5DC01342D22800ADD973 /* correct.mp3 in Resources */,
				3A7E6228134439C500ADD973 /* flip.mp3 in Resources */,
			);
			runOnlyForDeploymentPostprocessing = 0;
		};
/* End PBXResourcesBuildPhase section */

/* Begin PBXSourcesBuildPhase section */
		1D60588E0D05DD3D006BFB54 /* Sources */ = {
			isa = PBXSourcesBuildPhase;
			buildActionMask = 2147483647;
			files = (
				1D60589B0D05DD56006BFB54 /* main.m in Sources */,
				1D3623260D0F684500981E51 /* AppDelegate_iPad.m in Sources */,
				28EEC04B1118E28000187D67 /* AppDelegate_Shared.m in Sources */,
				2819307D112F81BE00ECF9B4 /* OmarMariam.xcdatamodeld in Sources */,
				2860E38A111B897F00E27156 /* AppDelegate_iPhone.m in Sources */,
				7AD056AF1234805400C2EC84 /* LeavesCache.m in Sources */,
				7AD056B01234805400C2EC84 /* LeavesView.m in Sources */,
				7AD056B11234805400C2EC84 /* LeavesViewController.m in Sources */,
				7AD056B21234805400C2EC84 /* Utilities.m in Sources */,
				3A6342A51256658600EE14DA /* BookViewController.m in Sources */,
				3A238E1E125AB279002470B1 /* LineGameViewController.m in Sources */,
				3A96F9C2126E36B800991FE1 /* LabelViewController.m in Sources */,
				3A96F9C8126E377A00991FE1 /* LabelView.m in Sources */,
				3ABFCF70127539E2004B4725 /* ClozeGameViewController.m in Sources */,
				3AD2EEDA12764951005ECE31 /* ClozeView.m in Sources */,
				3A199C4D127D847F00C022B1 /* QuizViewController.m in Sources */,
				3A89B406127E7705008F313D /* LBiPadRootViewController.m in Sources */,
				3A28F7ED128255BB00FACC97 /* LineView.m in Sources */,
				3A16FB74128AC559004343ED /* GamesViewController.m in Sources */,
				3ADF9A6B128F35D6004C4943 /* LBView.m in Sources */,
			);
			runOnlyForDeploymentPostprocessing = 0;
		};
/* End PBXSourcesBuildPhase section */

/* Begin XCBuildConfiguration section */
		1D6058940D05DD3E006BFB54 /* Debug */ = {
			isa = XCBuildConfiguration;
			buildSettings = {
				ALWAYS_SEARCH_USER_PATHS = NO;
				COPY_PHASE_STRIP = NO;
				GCC_DYNAMIC_NO_PIC = NO;
				GCC_OPTIMIZATION_LEVEL = 0;
				GCC_PRECOMPILE_PREFIX_HEADER = YES;
				GCC_PREFIX_HEADER = OmarMariam_Prefix.pch;
				INFOPLIST_FILE = "OmarMariam-Info.plist";
				PRODUCT_NAME = OmarMariam;
			};
			name = Debug;
		};
		1D6058950D05DD3E006BFB54 /* Release */ = {
			isa = XCBuildConfiguration;
			buildSettings = {
				ALWAYS_SEARCH_USER_PATHS = NO;
				COPY_PHASE_STRIP = YES;
				GCC_PRECOMPILE_PREFIX_HEADER = YES;
				GCC_PREFIX_HEADER = OmarMariam_Prefix.pch;
				INFOPLIST_FILE = "OmarMariam-Info.plist";
				PRODUCT_NAME = OmarMariam;
				VALIDATE_PRODUCT = YES;
			};
			name = Release;
		};
		C01FCF4F08A954540054247B /* Debug */ = {
			isa = XCBuildConfiguration;
			buildSettings = {
				ARCHS = "$(ARCHS_STANDARD_32_BIT)";
				"CODE_SIGN_IDENTITY[sdk=iphoneos*]" = "iPhone Developer: Mohd Zahiruddin (W59B5Y3ZS3)";
				GCC_C_LANGUAGE_STANDARD = c99;
				GCC_WARN_ABOUT_RETURN_TYPE = YES;
				GCC_WARN_UNUSED_VARIABLE = YES;
				IPHONEOS_DEPLOYMENT_TARGET = 3.2;
				PREBINDING = NO;
				SDKROOT = iphonesimulator3.2;
				TARGETED_DEVICE_FAMILY = "1,2";
			};
			name = Debug;
		};
		C01FCF5008A954540054247B /* Release */ = {
			isa = XCBuildConfiguration;
			buildSettings = {
				ARCHS = "$(ARCHS_STANDARD_32_BIT)";
				"CODE_SIGN_IDENTITY[sdk=iphoneos*]" = "iPhone Developer";
				GCC_C_LANGUAGE_STANDARD = c99;
				GCC_WARN_ABOUT_RETURN_TYPE = YES;
				GCC_WARN_UNUSED_VARIABLE = YES;
				IPHONEOS_DEPLOYMENT_TARGET = 3.2;
				OTHER_CFLAGS = "-DNS_BLOCK_ASSERTIONS=1";
				PREBINDING = NO;
				SDKROOT = iphoneos4.0;
				TARGETED_DEVICE_FAMILY = "1,2";
			};
			name = Release;
		};
/* End XCBuildConfiguration section */

/* Begin XCConfigurationList section */
		1D6058960D05DD3E006BFB54 /* Build configuration list for PBXNativeTarget "OmarMariam" */ = {
			isa = XCConfigurationList;
			buildConfigurations = (
				1D6058940D05DD3E006BFB54 /* Debug */,
				1D6058950D05DD3E006BFB54 /* Release */,
			);
			defaultConfigurationIsVisible = 0;
			defaultConfigurationName = Release;
		};
		C01FCF4E08A954540054247B /* Build configuration list for PBXProject "OmarMariam" */ = {
			isa = XCConfigurationList;
			buildConfigurations = (
				C01FCF4F08A954540054247B /* Debug */,
				C01FCF5008A954540054247B /* Release */,
			);
			defaultConfigurationIsVisible = 0;
			defaultConfigurationName = Release;
		};
/* End XCConfigurationList section */

/* Begin XCVersionGroup section */
		2819307C112F81BE00ECF9B4 /* OmarMariam.xcdatamodeld */ = {
			isa = XCVersionGroup;
			children = (
				2870939E111907710040F596 /* OmarMariam.xcdatamodel */,
			);
			currentVersion = 2870939E111907710040F596 /* OmarMariam.xcdatamodel */;
			name = OmarMariam.xcdatamodeld;
			path = Shared/OmarMariam.xcdatamodeld;
			sourceTree = "<group>";
			versionGroupType = wrapper.xcdatamodel;
		};
/* End XCVersionGroup section */
	};
	rootObject = 29B97313FDCFA39411CA2CEA /* Project object */;
}
